
Microsoft Visual Studio Solution File, Format Version 12.00
# Visual Studio 2012
Project("{FAE04EC0-301F-11D3-BF4B-00C04F79EFBC}") = "Rylogic.VSExtension", "Rylogic.VSExtension.csproj", "{852C66A1-A9AA-4BD9-A762-C94B61838F96}"
EndProject
Project("{FAE04EC0-301F-11D3-BF4B-00C04F79EFBC}") = "Rylogic", "..\..\sdk\pr\prcs\Rylogic.csproj", "{1735C773-5477-45E6-9CBF-5F2B6DC707EF}"
EndProject
Global
	GlobalSection(SolutionConfigurationPlatforms) = preSolution
		Debug|Any CPU = Debug|Any CPU
		Release|Any CPU = Release|Any CPU
	EndGlobalSection
	GlobalSection(ProjectConfigurationPlatforms) = postSolution
		{852C66A1-A9AA-4BD9-A762-C94B61838F96}.Debug|Any CPU.ActiveCfg = Debug|Any CPU
		{852C66A1-A9AA-4BD9-A762-C94B61838F96}.Debug|Any CPU.Build.0 = Debug|Any CPU
		{852C66A1-A9AA-4BD9-A762-C94B61838F96}.Release|Any CPU.ActiveCfg = Release|Any CPU
		{852C66A1-A9AA-4BD9-A762-C94B61838F96}.Release|Any CPU.Build.0 = Release|Any CPU
		{1735C773-5477-45E6-9CBF-5F2B6DC707EF}.Debug|Any CPU.ActiveCfg = Debug|Any CPU
		{1735C773-5477-45E6-9CBF-5F2B6DC707EF}.Debug|Any CPU.Build.0 = Debug|Any CPU
		{1735C773-5477-45E6-9CBF-5F2B6DC707EF}.Release|Any CPU.ActiveCfg = Release|Any CPU
		{1735C773-5477-45E6-9CBF-5F2B6DC707EF}.Release|Any CPU.Build.0 = Release|Any CPU
	EndGlobalSection
	GlobalSection(SolutionProperties) = preSolution
		HideSolutionNode = FALSE
	EndGlobalSection
EndGlobal
