Microsoft Visual Studio Solution File, Format Version 7.00
Project("{8BC9CEB8-8B4A-11D0-8D11-00A0C91BC942}") = "TestUDPReceiver", "TestUDPReceiver\TestUDPReceiver.vcproj", "{C7775542-ED10-401F-B940-910AC19A5B60}"
EndProject
Project("{8BC9CEB8-8B4A-11D0-8D11-00A0C91BC942}") = "UDPReceiver", "UDPReceiver.vcproj", "{97A37C92-31F5-4BE0-8E36-B65E4F373C68}"
EndProject
Global
	GlobalSection(SolutionConfiguration) = preSolution
		ConfigName.0 = Debug
		ConfigName.1 = Release
	EndGlobalSection
	GlobalSection(ProjectDependencies) = postSolution
		{C7775542-ED10-401F-B940-910AC19A5B60}.0 = {97A37C92-31F5-4BE0-8E36-B65E4F373C68}
	EndGlobalSection
	GlobalSection(ProjectConfiguration) = postSolution
		{C7775542-ED10-401F-B940-910AC19A5B60}.Debug.ActiveCfg = Debug|Win32
		{C7775542-ED10-401F-B940-910AC19A5B60}.Debug.Build.0 = Debug|Win32
		{C7775542-ED10-401F-B940-910AC19A5B60}.Release.ActiveCfg = Release|Win32
		{C7775542-ED10-401F-B940-910AC19A5B60}.Release.Build.0 = Release|Win32
		{97A37C92-31F5-4BE0-8E36-B65E4F373C68}.Debug.ActiveCfg = Debug|Win32
		{97A37C92-31F5-4BE0-8E36-B65E4F373C68}.Debug.Build.0 = Debug|Win32
		{97A37C92-31F5-4BE0-8E36-B65E4F373C68}.Release.ActiveCfg = Release|Win32
		{97A37C92-31F5-4BE0-8E36-B65E4F373C68}.Release.Build.0 = Release|Win32
	EndGlobalSection
	GlobalSection(ExtensibilityGlobals) = postSolution
	EndGlobalSection
	GlobalSection(ExtensibilityAddIns) = postSolution
	EndGlobalSection
EndGlobal
