Microsoft Visual Studio Solution File, Format Version 9.00
# Visual Studio 2005
Project("{8BC9CEB8-8B4A-11D0-8D11-00A0C91BC942}") = "PhysicsTestbed", "PhysicsTestbed.vcproj", "{E49D4F79-0085-42F4-A381-69E0CA430489}"
	ProjectSection(ProjectDependencies) = postProject
		{8C5E848D-B91C-49E0-8E9C-E47A67731AC2} = {8C5E848D-B91C-49E0-8E9C-E47A67731AC2}
		{EA7CABC9-0F28-4889-A30A-07BB7C2E3E7A} = {EA7CABC9-0F28-4889-A30A-07BB7C2E3E7A}
		{56E66919-595D-4148-B119-073E87034CBB} = {56E66919-595D-4148-B119-073E87034CBB}
		{FB9D892B-A47A-4966-A0D6-45F7F259F654} = {FB9D892B-A47A-4966-A0D6-45F7F259F654}
	EndProjectSection
EndProject
Project("{8BC9CEB8-8B4A-11D0-8D11-00A0C91BC942}") = "Renderer", "Q:\Paul\Projects\VC80\Renderer.vcproj", "{FB9D892B-A47A-4966-A0D6-45F7F259F654}"
EndProject
Project("{8BC9CEB8-8B4A-11D0-8D11-00A0C91BC942}") = "LineDrawer", "Q:\Paul\Projects\VC80\LineDrawer.vcproj", "{56E66919-595D-4148-B119-073E87034CBB}"
	ProjectSection(ProjectDependencies) = postProject
		{FB9D892B-A47A-4966-A0D6-45F7F259F654} = {FB9D892B-A47A-4966-A0D6-45F7F259F654}
	EndProjectSection
EndProject
Project("{8BC9CEB8-8B4A-11D0-8D11-00A0C91BC942}") = "Physics", "Physics.vcproj", "{8C5E848D-B91C-49E0-8E9C-E47A67731AC2}"
EndProject
Project("{8BC9CEB8-8B4A-11D0-8D11-00A0C91BC942}") = "Maths", "Maths.vcproj", "{EA7CABC9-0F28-4889-A30A-07BB7C2E3E7A}"
EndProject
Global
	GlobalSection(SolutionConfigurationPlatforms) = preSolution
		Debug|Win32 = Debug|Win32
		Debug|Xbox 360 = Debug|Xbox 360
		DebugPS3|Win32 = DebugPS3|Win32
		DebugPS3|Xbox 360 = DebugPS3|Xbox 360
		Devkit|Win32 = Devkit|Win32
		Devkit|Xbox 360 = Devkit|Xbox 360
		DevkitPS3|Win32 = DevkitPS3|Win32
		DevkitPS3|Xbox 360 = DevkitPS3|Xbox 360
		Master|Win32 = Master|Win32
		Master|Xbox 360 = Master|Xbox 360
		MasterPS3|Win32 = MasterPS3|Win32
		MasterPS3|Xbox 360 = MasterPS3|Xbox 360
		Release|Win32 = Release|Win32
		Release|Xbox 360 = Release|Xbox 360
	EndGlobalSection
	GlobalSection(ProjectConfigurationPlatforms) = postSolution
		{E49D4F79-0085-42F4-A381-69E0CA430489}.Debug|Win32.ActiveCfg = Debug|Win32
		{E49D4F79-0085-42F4-A381-69E0CA430489}.Debug|Win32.Build.0 = Debug|Win32
		{E49D4F79-0085-42F4-A381-69E0CA430489}.Debug|Xbox 360.ActiveCfg = Debug|Win32
		{E49D4F79-0085-42F4-A381-69E0CA430489}.DebugPS3|Win32.ActiveCfg = Debug|Win32
		{E49D4F79-0085-42F4-A381-69E0CA430489}.DebugPS3|Win32.Build.0 = Debug|Win32
		{E49D4F79-0085-42F4-A381-69E0CA430489}.DebugPS3|Xbox 360.ActiveCfg = Debug|Win32
		{E49D4F79-0085-42F4-A381-69E0CA430489}.Devkit|Win32.ActiveCfg = Debug|Win32
		{E49D4F79-0085-42F4-A381-69E0CA430489}.Devkit|Win32.Build.0 = Debug|Win32
		{E49D4F79-0085-42F4-A381-69E0CA430489}.Devkit|Xbox 360.ActiveCfg = Debug|Win32
		{E49D4F79-0085-42F4-A381-69E0CA430489}.DevkitPS3|Win32.ActiveCfg = Debug|Win32
		{E49D4F79-0085-42F4-A381-69E0CA430489}.DevkitPS3|Win32.Build.0 = Debug|Win32
		{E49D4F79-0085-42F4-A381-69E0CA430489}.DevkitPS3|Xbox 360.ActiveCfg = Debug|Win32
		{E49D4F79-0085-42F4-A381-69E0CA430489}.Master|Win32.ActiveCfg = Release|Win32
		{E49D4F79-0085-42F4-A381-69E0CA430489}.Master|Win32.Build.0 = Release|Win32
		{E49D4F79-0085-42F4-A381-69E0CA430489}.Master|Xbox 360.ActiveCfg = Release|Win32
		{E49D4F79-0085-42F4-A381-69E0CA430489}.MasterPS3|Win32.ActiveCfg = Release|Win32
		{E49D4F79-0085-42F4-A381-69E0CA430489}.MasterPS3|Win32.Build.0 = Release|Win32
		{E49D4F79-0085-42F4-A381-69E0CA430489}.MasterPS3|Xbox 360.ActiveCfg = Release|Win32
		{E49D4F79-0085-42F4-A381-69E0CA430489}.Release|Win32.ActiveCfg = Release|Win32
		{E49D4F79-0085-42F4-A381-69E0CA430489}.Release|Win32.Build.0 = Release|Win32
		{E49D4F79-0085-42F4-A381-69E0CA430489}.Release|Xbox 360.ActiveCfg = Release|Win32
		{FB9D892B-A47A-4966-A0D6-45F7F259F654}.Debug|Win32.ActiveCfg = Debug|Win32
		{FB9D892B-A47A-4966-A0D6-45F7F259F654}.Debug|Win32.Build.0 = Debug|Win32
		{FB9D892B-A47A-4966-A0D6-45F7F259F654}.Debug|Xbox 360.ActiveCfg = Debug|Win32
		{FB9D892B-A47A-4966-A0D6-45F7F259F654}.DebugPS3|Win32.ActiveCfg = Debug|Win32
		{FB9D892B-A47A-4966-A0D6-45F7F259F654}.DebugPS3|Win32.Build.0 = Debug|Win32
		{FB9D892B-A47A-4966-A0D6-45F7F259F654}.DebugPS3|Xbox 360.ActiveCfg = Debug|Win32
		{FB9D892B-A47A-4966-A0D6-45F7F259F654}.Devkit|Win32.ActiveCfg = Debug|Win32
		{FB9D892B-A47A-4966-A0D6-45F7F259F654}.Devkit|Win32.Build.0 = Debug|Win32
		{FB9D892B-A47A-4966-A0D6-45F7F259F654}.Devkit|Xbox 360.ActiveCfg = Debug|Win32
		{FB9D892B-A47A-4966-A0D6-45F7F259F654}.DevkitPS3|Win32.ActiveCfg = Debug|Win32
		{FB9D892B-A47A-4966-A0D6-45F7F259F654}.DevkitPS3|Win32.Build.0 = Debug|Win32
		{FB9D892B-A47A-4966-A0D6-45F7F259F654}.DevkitPS3|Xbox 360.ActiveCfg = Debug|Win32
		{FB9D892B-A47A-4966-A0D6-45F7F259F654}.Master|Win32.ActiveCfg = Release|Win32
		{FB9D892B-A47A-4966-A0D6-45F7F259F654}.Master|Win32.Build.0 = Release|Win32
		{FB9D892B-A47A-4966-A0D6-45F7F259F654}.Master|Xbox 360.ActiveCfg = Release|Win32
		{FB9D892B-A47A-4966-A0D6-45F7F259F654}.MasterPS3|Win32.ActiveCfg = Release|Win32
		{FB9D892B-A47A-4966-A0D6-45F7F259F654}.MasterPS3|Win32.Build.0 = Release|Win32
		{FB9D892B-A47A-4966-A0D6-45F7F259F654}.MasterPS3|Xbox 360.ActiveCfg = Release|Win32
		{FB9D892B-A47A-4966-A0D6-45F7F259F654}.Release|Win32.ActiveCfg = Release|Win32
		{FB9D892B-A47A-4966-A0D6-45F7F259F654}.Release|Win32.Build.0 = Release|Win32
		{FB9D892B-A47A-4966-A0D6-45F7F259F654}.Release|Xbox 360.ActiveCfg = Release|Win32
		{56E66919-595D-4148-B119-073E87034CBB}.Debug|Win32.ActiveCfg = Debug|Win32
		{56E66919-595D-4148-B119-073E87034CBB}.Debug|Win32.Build.0 = Debug|Win32
		{56E66919-595D-4148-B119-073E87034CBB}.Debug|Xbox 360.ActiveCfg = Debug|Win32
		{56E66919-595D-4148-B119-073E87034CBB}.DebugPS3|Win32.ActiveCfg = Debug|Win32
		{56E66919-595D-4148-B119-073E87034CBB}.DebugPS3|Win32.Build.0 = Debug|Win32
		{56E66919-595D-4148-B119-073E87034CBB}.DebugPS3|Xbox 360.ActiveCfg = Debug|Win32
		{56E66919-595D-4148-B119-073E87034CBB}.Devkit|Win32.ActiveCfg = Debug|Win32
		{56E66919-595D-4148-B119-073E87034CBB}.Devkit|Win32.Build.0 = Debug|Win32
		{56E66919-595D-4148-B119-073E87034CBB}.Devkit|Xbox 360.ActiveCfg = Debug|Win32
		{56E66919-595D-4148-B119-073E87034CBB}.DevkitPS3|Win32.ActiveCfg = Debug|Win32
		{56E66919-595D-4148-B119-073E87034CBB}.DevkitPS3|Win32.Build.0 = Debug|Win32
		{56E66919-595D-4148-B119-073E87034CBB}.DevkitPS3|Xbox 360.ActiveCfg = Debug|Win32
		{56E66919-595D-4148-B119-073E87034CBB}.Master|Win32.ActiveCfg = Debug|Win32
		{56E66919-595D-4148-B119-073E87034CBB}.Master|Win32.Build.0 = Debug|Win32
		{56E66919-595D-4148-B119-073E87034CBB}.Master|Xbox 360.ActiveCfg = Debug|Win32
		{56E66919-595D-4148-B119-073E87034CBB}.MasterPS3|Win32.ActiveCfg = Debug|Win32
		{56E66919-595D-4148-B119-073E87034CBB}.MasterPS3|Win32.Build.0 = Debug|Win32
		{56E66919-595D-4148-B119-073E87034CBB}.MasterPS3|Xbox 360.ActiveCfg = Debug|Win32
		{56E66919-595D-4148-B119-073E87034CBB}.Release|Win32.ActiveCfg = Release|Win32
		{56E66919-595D-4148-B119-073E87034CBB}.Release|Win32.Build.0 = Release|Win32
		{56E66919-595D-4148-B119-073E87034CBB}.Release|Xbox 360.ActiveCfg = Release|Win32
		{8C5E848D-B91C-49E0-8E9C-E47A67731AC2}.Debug|Win32.ActiveCfg = Debug|Win32
		{8C5E848D-B91C-49E0-8E9C-E47A67731AC2}.Debug|Win32.Build.0 = Debug|Win32
		{8C5E848D-B91C-49E0-8E9C-E47A67731AC2}.Debug|Xbox 360.ActiveCfg = Debug|Win32
		{8C5E848D-B91C-49E0-8E9C-E47A67731AC2}.DebugPS3|Win32.ActiveCfg = Debug|Win32
		{8C5E848D-B91C-49E0-8E9C-E47A67731AC2}.DebugPS3|Win32.Build.0 = Debug|Win32
		{8C5E848D-B91C-49E0-8E9C-E47A67731AC2}.DebugPS3|Xbox 360.ActiveCfg = Debug|Win32
		{8C5E848D-B91C-49E0-8E9C-E47A67731AC2}.Devkit|Win32.ActiveCfg = Debug|Win32
		{8C5E848D-B91C-49E0-8E9C-E47A67731AC2}.Devkit|Win32.Build.0 = Debug|Win32
		{8C5E848D-B91C-49E0-8E9C-E47A67731AC2}.Devkit|Xbox 360.ActiveCfg = Debug|Win32
		{8C5E848D-B91C-49E0-8E9C-E47A67731AC2}.DevkitPS3|Win32.ActiveCfg = Debug|Win32
		{8C5E848D-B91C-49E0-8E9C-E47A67731AC2}.DevkitPS3|Win32.Build.0 = Debug|Win32
		{8C5E848D-B91C-49E0-8E9C-E47A67731AC2}.DevkitPS3|Xbox 360.ActiveCfg = Debug|Win32
		{8C5E848D-B91C-49E0-8E9C-E47A67731AC2}.Master|Win32.ActiveCfg = Release|Win32
		{8C5E848D-B91C-49E0-8E9C-E47A67731AC2}.Master|Win32.Build.0 = Release|Win32
		{8C5E848D-B91C-49E0-8E9C-E47A67731AC2}.Master|Xbox 360.ActiveCfg = Release|Win32
		{8C5E848D-B91C-49E0-8E9C-E47A67731AC2}.MasterPS3|Win32.ActiveCfg = Release|Win32
		{8C5E848D-B91C-49E0-8E9C-E47A67731AC2}.MasterPS3|Win32.Build.0 = Release|Win32
		{8C5E848D-B91C-49E0-8E9C-E47A67731AC2}.MasterPS3|Xbox 360.ActiveCfg = Release|Win32
		{8C5E848D-B91C-49E0-8E9C-E47A67731AC2}.Release|Win32.ActiveCfg = Release|Win32
		{8C5E848D-B91C-49E0-8E9C-E47A67731AC2}.Release|Win32.Build.0 = Release|Win32
		{8C5E848D-B91C-49E0-8E9C-E47A67731AC2}.Release|Xbox 360.ActiveCfg = Release|Win32
		{EA7CABC9-0F28-4889-A30A-07BB7C2E3E7A}.Debug|Win32.ActiveCfg = Debug|Win32
		{EA7CABC9-0F28-4889-A30A-07BB7C2E3E7A}.Debug|Win32.Build.0 = Debug|Win32
		{EA7CABC9-0F28-4889-A30A-07BB7C2E3E7A}.Debug|Xbox 360.ActiveCfg = Debug|Win32
		{EA7CABC9-0F28-4889-A30A-07BB7C2E3E7A}.DebugPS3|Win32.ActiveCfg = Debug|Win32
		{EA7CABC9-0F28-4889-A30A-07BB7C2E3E7A}.DebugPS3|Win32.Build.0 = Debug|Win32
		{EA7CABC9-0F28-4889-A30A-07BB7C2E3E7A}.DebugPS3|Xbox 360.ActiveCfg = Debug|Win32
		{EA7CABC9-0F28-4889-A30A-07BB7C2E3E7A}.Devkit|Win32.ActiveCfg = Debug|Win32
		{EA7CABC9-0F28-4889-A30A-07BB7C2E3E7A}.Devkit|Win32.Build.0 = Debug|Win32
		{EA7CABC9-0F28-4889-A30A-07BB7C2E3E7A}.Devkit|Xbox 360.ActiveCfg = Debug|Win32
		{EA7CABC9-0F28-4889-A30A-07BB7C2E3E7A}.DevkitPS3|Win32.ActiveCfg = Debug|Win32
		{EA7CABC9-0F28-4889-A30A-07BB7C2E3E7A}.DevkitPS3|Win32.Build.0 = Debug|Win32
		{EA7CABC9-0F28-4889-A30A-07BB7C2E3E7A}.DevkitPS3|Xbox 360.ActiveCfg = Debug|Win32
		{EA7CABC9-0F28-4889-A30A-07BB7C2E3E7A}.Master|Win32.ActiveCfg = Debug|Win32
		{EA7CABC9-0F28-4889-A30A-07BB7C2E3E7A}.Master|Win32.Build.0 = Debug|Win32
		{EA7CABC9-0F28-4889-A30A-07BB7C2E3E7A}.Master|Xbox 360.ActiveCfg = Debug|Win32
		{EA7CABC9-0F28-4889-A30A-07BB7C2E3E7A}.MasterPS3|Win32.ActiveCfg = Debug|Win32
		{EA7CABC9-0F28-4889-A30A-07BB7C2E3E7A}.MasterPS3|Win32.Build.0 = Debug|Win32
		{EA7CABC9-0F28-4889-A30A-07BB7C2E3E7A}.MasterPS3|Xbox 360.ActiveCfg = Debug|Win32
		{EA7CABC9-0F28-4889-A30A-07BB7C2E3E7A}.Release|Win32.ActiveCfg = Release|Win32
		{EA7CABC9-0F28-4889-A30A-07BB7C2E3E7A}.Release|Win32.Build.0 = Release|Win32
		{EA7CABC9-0F28-4889-A30A-07BB7C2E3E7A}.Release|Xbox 360.ActiveCfg = Release|Win32
	EndGlobalSection
	GlobalSection(SolutionProperties) = preSolution
		HideSolutionNode = FALSE
	EndGlobalSection
EndGlobal
