<?xml version="1.0" encoding="utf-8"?>
<Project ToolsVersion="15.0" xmlns="http://schemas.microsoft.com/developer/msbuild/2003">
  <ItemGroup>
    <Filter Include="src">
      <UniqueIdentifier>{667527c8-b0bf-4c5a-975f-ac90bae4d191}</UniqueIdentifier>
    </Filter>
    <Filter Include="ufbx">
      <UniqueIdentifier>{779e1111-fcc3-4a91-89a9-30ef9681bbab}</UniqueIdentifier>
    </Filter>
  </ItemGroup>
  <ItemGroup>
    <ClCompile Include="src\fbx.cpp">
      <Filter>src</Filter>
    </ClCompile>
    <ClCompile Include="$(SDKPath)ufbx\ufbx\ufbx.c">
      <Filter>ufbx</Filter>
    </ClCompile>
    <ClInclude Include="$(SDKPath)ufbx\ufbx\ufbx.h">
      <Filter>ufbx</Filter>
    </ClInclude>
    <Natvis Include="$(SDKPath)ufbx\ufbx\misc\ufbx.natvis">
      <Filter>ufbx</Filter>
    </Natvis>
    <Natvis Include="$(SDKPath)ufbx\ufbx\misc\ufbxi.natvis">
      <Filter>ufbx</Filter>
    </Natvis>
    <ClInclude Include="$(RylogicRoot)include\pr\geometry\fbx.h">
      <Filter>src</Filter>
    </ClInclude>
  </ItemGroup>
  <ItemGroup>
    <ClInclude Include="src\ufbx_compat.h">
      <Filter>src</Filter>
    </ClInclude>
  </ItemGroup>
</Project>