<?xml version="1.0" encoding="utf-8"?>
<Project ToolsVersion="4.0" xmlns="http://schemas.microsoft.com/developer/msbuild/2003">
  <ItemGroup>
    <Filter Include="src">
      <UniqueIdentifier>{4FC737F1-C7A5-4376-A066-2A32D752A2FF}</UniqueIdentifier>
    </Filter>
    <Filter Include="framework">
      <UniqueIdentifier>{93995380-89BD-4b04-88EB-625FBE52EBFB}</UniqueIdentifier>
    </Filter>
    <Filter Include="src\environment">
      <UniqueIdentifier>{d7b0d6fe-14e6-4f12-96f4-b81c3998b8e0}</UniqueIdentifier>
    </Filter>
  </ItemGroup>
  <ItemGroup>
    <ClCompile Include="$(RylogicRoot)include\pr\app\entry_point.cpp">
      <Filter>framework</Filter>
    </ClCompile>
    <ClInclude Include="src\forward.h">
      <Filter>src</Filter>
    </ClInclude>
    <ClInclude Include="src\main.h">
      <Filter>src</Filter>
    </ClInclude>
    <ClInclude Include="src\settings.h">
      <Filter>src</Filter>
    </ClInclude>
    <ClCompile Include="src\main.cpp">
      <Filter>src</Filter>
    </ClCompile>
    <ClCompile Include="src\world\height_field.cpp">
      <Filter>src\environment</Filter>
    </ClCompile>
    <ClCompile Include="src\world\ocean.cpp">
      <Filter>src\environment</Filter>
    </ClCompile>
    <ClCompile Include="src\world\terrain.cpp">
      <Filter>src\environment</Filter>
    </ClCompile>
  </ItemGroup>
  <ItemGroup>
    <ClInclude Include="src\world\ocean.h">
      <Filter>src\environment</Filter>
    </ClInclude>
    <ClInclude Include="src\world\terrain.h">
      <Filter>src\environment</Filter>
    </ClInclude>
    <ClInclude Include="src\world\height_field.h">
      <Filter>src\environment</Filter>
    </ClInclude>
  </ItemGroup>
</Project>