
Microsoft Visual Studio Solution File, Format Version 12.00
# Visual Studio 2012
Project("{002A2DE9-8BB6-484D-9802-7E4AD4084715}") = "prd", "prd.visualdproj", "{6007370B-6DE7-4F0A-BFC1-FD17127AF9E9}"
EndProject
Global
	GlobalSection(SolutionConfigurationPlatforms) = preSolution
		Debug|Win32 = Debug|Win32
		Release|Win32 = Release|Win32
	EndGlobalSection
	GlobalSection(ProjectConfigurationPlatforms) = postSolution
		{6007370B-6DE7-4F0A-BFC1-FD17127AF9E9}.Debug|Win32.ActiveCfg = Debug|Win32
		{6007370B-6DE7-4F0A-BFC1-FD17127AF9E9}.Debug|Win32.Build.0 = Debug|Win32
		{6007370B-6DE7-4F0A-BFC1-FD17127AF9E9}.Release|Win32.ActiveCfg = Release|Win32
		{6007370B-6DE7-4F0A-BFC1-FD17127AF9E9}.Release|Win32.Build.0 = Release|Win32
	EndGlobalSection
	GlobalSection(SolutionProperties) = preSolution
		HideSolutionNode = FALSE
	EndGlobalSection
EndGlobal
