
Microsoft Visual Studio Solution File, Format Version 11.00
# Visual Studio 2010
Project("{8BC9CEB8-8B4A-11D0-8D11-00A0C91BC942}") = "Renderer", "Renderer.vcxproj", "{FB9D892B-A47A-4966-A0D6-45F7F259F654}"
EndProject
Project("{FAE04EC0-301F-11D3-BF4B-00C04F79EFBC}") = "prcs_VS2010", "..\..\sdk\pr\prcs\prcs_VS2010.csproj", "{1735C773-5477-45E6-9CBF-5F2B6DC707EF}"
	ProjectSection(ProjectDependencies) = postProject
		{363D015B-B545-4623-A5CE-61245C9BF1F8} = {363D015B-B545-4623-A5CE-61245C9BF1F8}
	EndProjectSection
EndProject
Project("{FAE04EC0-301F-11D3-BF4B-00C04F79EFBC}") = "imager_VS2010", "..\imager\imager_VS2010.csproj", "{D6EC6728-119F-4AF1-898A-DFCD15A1DADB}"
	ProjectSection(ProjectDependencies) = postProject
		{039B80B4-7A80-4E8D-8928-AA843B89C7EC} = {039B80B4-7A80-4E8D-8928-AA843B89C7EC}
	EndProjectSection
EndProject
Project("{8BC9CEB8-8B4A-11D0-8D11-00A0C91BC942}") = "Maths", "Maths.vcxproj", "{EA7CABC9-0F28-4889-A30A-07BB7C2E3E7A}"
EndProject
Project("{8BC9CEB8-8B4A-11D0-8D11-00A0C91BC942}") = "UnitTest++", "UnitTest++.vcxproj", "{9CCC3439-309E-4E85-B3B8-CE704D385D48}"
EndProject
Project("{8BC9CEB8-8B4A-11D0-8D11-00A0C91BC942}") = "View3D", "View3D.vcxproj", "{363D015B-B545-4623-A5CE-61245C9BF1F8}"
	ProjectSection(ProjectDependencies) = postProject
		{FB9D892B-A47A-4966-A0D6-45F7F259F654} = {FB9D892B-A47A-4966-A0D6-45F7F259F654}
	EndProjectSection
EndProject
Project("{8BC9CEB8-8B4A-11D0-8D11-00A0C91BC942}") = "cex", "cex.vcxproj", "{039B80B4-7A80-4E8D-8928-AA843B89C7EC}"
EndProject
Project("{FAE04EC0-301F-11D3-BF4B-00C04F79EFBC}") = "testcs_vs2010", "..\..\sdk\pr\prcs\testcs_vs2010.csproj", "{07F0B17E-A548-436E-BC8E-594B47685D7B}"
EndProject
Project("{8BC9CEB8-8B4A-11D0-8D11-00A0C91BC942}") = "linedrawer", "linedrawer.vcxproj", "{74EA4C21-4E6E-45F3-AABB-926263237626}"
	ProjectSection(ProjectDependencies) = postProject
		{FB9D892B-A47A-4966-A0D6-45F7F259F654} = {FB9D892B-A47A-4966-A0D6-45F7F259F654}
	EndProjectSection
EndProject
Project("{8BC9CEB8-8B4A-11D0-8D11-00A0C91BC942}") = "imagern", "imagern.vcxproj", "{D84F8457-9E20-477A-8594-D0384FB62FA5}"
EndProject
Project("{8BC9CEB8-8B4A-11D0-8D11-00A0C91BC942}") = "Test", "Test.vcxproj", "{4EB11831-ABE7-4E77-83E4-D2141DA4B5A6}"
EndProject
Project("{8BC9CEB8-8B4A-11D0-8D11-00A0C91BC942}") = "prautoexp", "prautoexp.vcxproj", "{76D773AE-90AE-4574-A99A-1A9C5B54077A}"
EndProject
Project("{8BC9CEB8-8B4A-11D0-8D11-00A0C91BC942}") = "physics", "physics.vcxproj", "{8C5E848D-B91C-49E0-8E9C-E47A67731AC2}"
EndProject
Project("{8BC9CEB8-8B4A-11D0-8D11-00A0C91BC942}") = "clicket", "clicket.vcxproj", "{B02D8A17-E752-41EF-B417-2A184DC42488}"
EndProject
Project("{8BC9CEB8-8B4A-11D0-8D11-00A0C91BC942}") = "pp_output", "pp_output.vcxproj", "{857D3F98-CED7-4290-BC33-E2D960C9B60B}"
EndProject
Project("{8BC9CEB8-8B4A-11D0-8D11-00A0C91BC942}") = "TextFormatter", "TextFormatter.vcxproj", "{436E09EF-E935-474B-A3B5-A06D307E1043}"
EndProject
Project("{FAE04EC0-301F-11D3-BF4B-00C04F79EFBC}") = "Csex", "..\Csex\Csex.csproj", "{7F52A774-6015-43DA-AD5B-A3289EDD6690}"
EndProject
Global
	GlobalSection(SolutionConfigurationPlatforms) = preSolution
		Debug|Win32 = Debug|Win32
		Debug|x64 = Debug|x64
		Debug|x86 = Debug|x86
		Release|Win32 = Release|Win32
		Release|x64 = Release|x64
		Release|x86 = Release|x86
	EndGlobalSection
	GlobalSection(ProjectConfigurationPlatforms) = postSolution
		{FB9D892B-A47A-4966-A0D6-45F7F259F654}.Debug|Win32.ActiveCfg = Debug|Win32
		{FB9D892B-A47A-4966-A0D6-45F7F259F654}.Debug|Win32.Build.0 = Debug|Win32
		{FB9D892B-A47A-4966-A0D6-45F7F259F654}.Debug|x64.ActiveCfg = Debug|x64
		{FB9D892B-A47A-4966-A0D6-45F7F259F654}.Debug|x64.Build.0 = Debug|x64
		{FB9D892B-A47A-4966-A0D6-45F7F259F654}.Debug|x86.ActiveCfg = Debug|x64
		{FB9D892B-A47A-4966-A0D6-45F7F259F654}.Release|Win32.ActiveCfg = Release|Win32
		{FB9D892B-A47A-4966-A0D6-45F7F259F654}.Release|Win32.Build.0 = Release|Win32
		{FB9D892B-A47A-4966-A0D6-45F7F259F654}.Release|x64.ActiveCfg = Release|x64
		{FB9D892B-A47A-4966-A0D6-45F7F259F654}.Release|x64.Build.0 = Release|x64
		{FB9D892B-A47A-4966-A0D6-45F7F259F654}.Release|x86.ActiveCfg = Release|x64
		{1735C773-5477-45E6-9CBF-5F2B6DC707EF}.Debug|Win32.ActiveCfg = Debug|x86
		{1735C773-5477-45E6-9CBF-5F2B6DC707EF}.Debug|Win32.Build.0 = Debug|x86
		{1735C773-5477-45E6-9CBF-5F2B6DC707EF}.Debug|x64.ActiveCfg = Debug|x64
		{1735C773-5477-45E6-9CBF-5F2B6DC707EF}.Debug|x64.Build.0 = Debug|x64
		{1735C773-5477-45E6-9CBF-5F2B6DC707EF}.Debug|x86.ActiveCfg = Debug|x86
		{1735C773-5477-45E6-9CBF-5F2B6DC707EF}.Debug|x86.Build.0 = Debug|x86
		{1735C773-5477-45E6-9CBF-5F2B6DC707EF}.Release|Win32.ActiveCfg = Release|x86
		{1735C773-5477-45E6-9CBF-5F2B6DC707EF}.Release|Win32.Build.0 = Release|x86
		{1735C773-5477-45E6-9CBF-5F2B6DC707EF}.Release|x64.ActiveCfg = Release|x64
		{1735C773-5477-45E6-9CBF-5F2B6DC707EF}.Release|x64.Build.0 = Release|x64
		{1735C773-5477-45E6-9CBF-5F2B6DC707EF}.Release|x86.ActiveCfg = Release|x86
		{1735C773-5477-45E6-9CBF-5F2B6DC707EF}.Release|x86.Build.0 = Release|x86
		{D6EC6728-119F-4AF1-898A-DFCD15A1DADB}.Debug|Win32.ActiveCfg = Debug|x86
		{D6EC6728-119F-4AF1-898A-DFCD15A1DADB}.Debug|Win32.Build.0 = Debug|x86
		{D6EC6728-119F-4AF1-898A-DFCD15A1DADB}.Debug|x64.ActiveCfg = Debug|x64
		{D6EC6728-119F-4AF1-898A-DFCD15A1DADB}.Debug|x64.Build.0 = Debug|x64
		{D6EC6728-119F-4AF1-898A-DFCD15A1DADB}.Debug|x86.ActiveCfg = Debug|x86
		{D6EC6728-119F-4AF1-898A-DFCD15A1DADB}.Debug|x86.Build.0 = Debug|x86
		{D6EC6728-119F-4AF1-898A-DFCD15A1DADB}.Release|Win32.ActiveCfg = Release|x86
		{D6EC6728-119F-4AF1-898A-DFCD15A1DADB}.Release|Win32.Build.0 = Release|x86
		{D6EC6728-119F-4AF1-898A-DFCD15A1DADB}.Release|x64.ActiveCfg = Release|x64
		{D6EC6728-119F-4AF1-898A-DFCD15A1DADB}.Release|x64.Build.0 = Release|x64
		{D6EC6728-119F-4AF1-898A-DFCD15A1DADB}.Release|x86.ActiveCfg = Release|x86
		{D6EC6728-119F-4AF1-898A-DFCD15A1DADB}.Release|x86.Build.0 = Release|x86
		{EA7CABC9-0F28-4889-A30A-07BB7C2E3E7A}.Debug|Win32.ActiveCfg = Debug|Win32
		{EA7CABC9-0F28-4889-A30A-07BB7C2E3E7A}.Debug|Win32.Build.0 = Debug|Win32
		{EA7CABC9-0F28-4889-A30A-07BB7C2E3E7A}.Debug|x64.ActiveCfg = Debug|x64
		{EA7CABC9-0F28-4889-A30A-07BB7C2E3E7A}.Debug|x64.Build.0 = Debug|x64
		{EA7CABC9-0F28-4889-A30A-07BB7C2E3E7A}.Debug|x86.ActiveCfg = Debug|x64
		{EA7CABC9-0F28-4889-A30A-07BB7C2E3E7A}.Release|Win32.ActiveCfg = Release|Win32
		{EA7CABC9-0F28-4889-A30A-07BB7C2E3E7A}.Release|Win32.Build.0 = Release|Win32
		{EA7CABC9-0F28-4889-A30A-07BB7C2E3E7A}.Release|x64.ActiveCfg = Release|x64
		{EA7CABC9-0F28-4889-A30A-07BB7C2E3E7A}.Release|x64.Build.0 = Release|x64
		{EA7CABC9-0F28-4889-A30A-07BB7C2E3E7A}.Release|x86.ActiveCfg = Release|x64
		{9CCC3439-309E-4E85-B3B8-CE704D385D48}.Debug|Win32.ActiveCfg = Debug|Win32
		{9CCC3439-309E-4E85-B3B8-CE704D385D48}.Debug|Win32.Build.0 = Debug|Win32
		{9CCC3439-309E-4E85-B3B8-CE704D385D48}.Debug|x64.ActiveCfg = Debug|x64
		{9CCC3439-309E-4E85-B3B8-CE704D385D48}.Debug|x64.Build.0 = Debug|x64
		{9CCC3439-309E-4E85-B3B8-CE704D385D48}.Debug|x86.ActiveCfg = Debug|x64
		{9CCC3439-309E-4E85-B3B8-CE704D385D48}.Release|Win32.ActiveCfg = Release|Win32
		{9CCC3439-309E-4E85-B3B8-CE704D385D48}.Release|Win32.Build.0 = Release|Win32
		{9CCC3439-309E-4E85-B3B8-CE704D385D48}.Release|x64.ActiveCfg = Release|x64
		{9CCC3439-309E-4E85-B3B8-CE704D385D48}.Release|x64.Build.0 = Release|x64
		{9CCC3439-309E-4E85-B3B8-CE704D385D48}.Release|x86.ActiveCfg = Release|x64
		{363D015B-B545-4623-A5CE-61245C9BF1F8}.Debug|Win32.ActiveCfg = Debug|Win32
		{363D015B-B545-4623-A5CE-61245C9BF1F8}.Debug|Win32.Build.0 = Debug|Win32
		{363D015B-B545-4623-A5CE-61245C9BF1F8}.Debug|x64.ActiveCfg = Debug|x64
		{363D015B-B545-4623-A5CE-61245C9BF1F8}.Debug|x64.Build.0 = Debug|x64
		{363D015B-B545-4623-A5CE-61245C9BF1F8}.Debug|x86.ActiveCfg = Debug|x64
		{363D015B-B545-4623-A5CE-61245C9BF1F8}.Release|Win32.ActiveCfg = Release|Win32
		{363D015B-B545-4623-A5CE-61245C9BF1F8}.Release|Win32.Build.0 = Release|Win32
		{363D015B-B545-4623-A5CE-61245C9BF1F8}.Release|x64.ActiveCfg = Release|x64
		{363D015B-B545-4623-A5CE-61245C9BF1F8}.Release|x64.Build.0 = Release|x64
		{363D015B-B545-4623-A5CE-61245C9BF1F8}.Release|x86.ActiveCfg = Release|x64
		{039B80B4-7A80-4E8D-8928-AA843B89C7EC}.Debug|Win32.ActiveCfg = Debug|Win32
		{039B80B4-7A80-4E8D-8928-AA843B89C7EC}.Debug|Win32.Build.0 = Debug|Win32
		{039B80B4-7A80-4E8D-8928-AA843B89C7EC}.Debug|x64.ActiveCfg = Debug|x64
		{039B80B4-7A80-4E8D-8928-AA843B89C7EC}.Debug|x64.Build.0 = Debug|x64
		{039B80B4-7A80-4E8D-8928-AA843B89C7EC}.Debug|x86.ActiveCfg = Debug|x64
		{039B80B4-7A80-4E8D-8928-AA843B89C7EC}.Release|Win32.ActiveCfg = Release|Win32
		{039B80B4-7A80-4E8D-8928-AA843B89C7EC}.Release|Win32.Build.0 = Release|Win32
		{039B80B4-7A80-4E8D-8928-AA843B89C7EC}.Release|x64.ActiveCfg = Release|x64
		{039B80B4-7A80-4E8D-8928-AA843B89C7EC}.Release|x64.Build.0 = Release|x64
		{039B80B4-7A80-4E8D-8928-AA843B89C7EC}.Release|x86.ActiveCfg = Release|x64
		{07F0B17E-A548-436E-BC8E-594B47685D7B}.Debug|Win32.ActiveCfg = Debug|x86
		{07F0B17E-A548-436E-BC8E-594B47685D7B}.Debug|Win32.Build.0 = Debug|x86
		{07F0B17E-A548-436E-BC8E-594B47685D7B}.Debug|x64.ActiveCfg = Debug|x64
		{07F0B17E-A548-436E-BC8E-594B47685D7B}.Debug|x64.Build.0 = Debug|x64
		{07F0B17E-A548-436E-BC8E-594B47685D7B}.Debug|x86.ActiveCfg = Debug|x86
		{07F0B17E-A548-436E-BC8E-594B47685D7B}.Debug|x86.Build.0 = Debug|x86
		{07F0B17E-A548-436E-BC8E-594B47685D7B}.Release|Win32.ActiveCfg = Release|x86
		{07F0B17E-A548-436E-BC8E-594B47685D7B}.Release|Win32.Build.0 = Release|x86
		{07F0B17E-A548-436E-BC8E-594B47685D7B}.Release|x64.ActiveCfg = Release|x64
		{07F0B17E-A548-436E-BC8E-594B47685D7B}.Release|x64.Build.0 = Release|x64
		{07F0B17E-A548-436E-BC8E-594B47685D7B}.Release|x86.ActiveCfg = Release|x86
		{07F0B17E-A548-436E-BC8E-594B47685D7B}.Release|x86.Build.0 = Release|x86
		{74EA4C21-4E6E-45F3-AABB-926263237626}.Debug|Win32.ActiveCfg = Debug|Win32
		{74EA4C21-4E6E-45F3-AABB-926263237626}.Debug|Win32.Build.0 = Debug|Win32
		{74EA4C21-4E6E-45F3-AABB-926263237626}.Debug|x64.ActiveCfg = Debug|x64
		{74EA4C21-4E6E-45F3-AABB-926263237626}.Debug|x64.Build.0 = Debug|x64
		{74EA4C21-4E6E-45F3-AABB-926263237626}.Debug|x86.ActiveCfg = Debug|x64
		{74EA4C21-4E6E-45F3-AABB-926263237626}.Release|Win32.ActiveCfg = Release|Win32
		{74EA4C21-4E6E-45F3-AABB-926263237626}.Release|Win32.Build.0 = Release|Win32
		{74EA4C21-4E6E-45F3-AABB-926263237626}.Release|x64.ActiveCfg = Release|x64
		{74EA4C21-4E6E-45F3-AABB-926263237626}.Release|x64.Build.0 = Release|x64
		{74EA4C21-4E6E-45F3-AABB-926263237626}.Release|x86.ActiveCfg = Release|x64
		{D84F8457-9E20-477A-8594-D0384FB62FA5}.Debug|Win32.ActiveCfg = Debug|Win32
		{D84F8457-9E20-477A-8594-D0384FB62FA5}.Debug|Win32.Build.0 = Debug|Win32
		{D84F8457-9E20-477A-8594-D0384FB62FA5}.Debug|x64.ActiveCfg = Debug|x64
		{D84F8457-9E20-477A-8594-D0384FB62FA5}.Debug|x64.Build.0 = Debug|x64
		{D84F8457-9E20-477A-8594-D0384FB62FA5}.Debug|x86.ActiveCfg = Debug|x64
		{D84F8457-9E20-477A-8594-D0384FB62FA5}.Release|Win32.ActiveCfg = Release|Win32
		{D84F8457-9E20-477A-8594-D0384FB62FA5}.Release|Win32.Build.0 = Release|Win32
		{D84F8457-9E20-477A-8594-D0384FB62FA5}.Release|x64.ActiveCfg = Release|x64
		{D84F8457-9E20-477A-8594-D0384FB62FA5}.Release|x64.Build.0 = Release|x64
		{D84F8457-9E20-477A-8594-D0384FB62FA5}.Release|x86.ActiveCfg = Release|x64
		{4EB11831-ABE7-4E77-83E4-D2141DA4B5A6}.Debug|Win32.ActiveCfg = Debug|Win32
		{4EB11831-ABE7-4E77-83E4-D2141DA4B5A6}.Debug|Win32.Build.0 = Debug|Win32
		{4EB11831-ABE7-4E77-83E4-D2141DA4B5A6}.Debug|x64.ActiveCfg = Debug|x64
		{4EB11831-ABE7-4E77-83E4-D2141DA4B5A6}.Debug|x64.Build.0 = Debug|x64
		{4EB11831-ABE7-4E77-83E4-D2141DA4B5A6}.Debug|x86.ActiveCfg = Debug|x64
		{4EB11831-ABE7-4E77-83E4-D2141DA4B5A6}.Release|Win32.ActiveCfg = Release|Win32
		{4EB11831-ABE7-4E77-83E4-D2141DA4B5A6}.Release|Win32.Build.0 = Release|Win32
		{4EB11831-ABE7-4E77-83E4-D2141DA4B5A6}.Release|x64.ActiveCfg = Release|x64
		{4EB11831-ABE7-4E77-83E4-D2141DA4B5A6}.Release|x64.Build.0 = Release|x64
		{4EB11831-ABE7-4E77-83E4-D2141DA4B5A6}.Release|x86.ActiveCfg = Release|x64
		{76D773AE-90AE-4574-A99A-1A9C5B54077A}.Debug|Win32.ActiveCfg = Debug|Win32
		{76D773AE-90AE-4574-A99A-1A9C5B54077A}.Debug|Win32.Build.0 = Debug|Win32
		{76D773AE-90AE-4574-A99A-1A9C5B54077A}.Debug|x64.ActiveCfg = Debug|x64
		{76D773AE-90AE-4574-A99A-1A9C5B54077A}.Debug|x64.Build.0 = Debug|x64
		{76D773AE-90AE-4574-A99A-1A9C5B54077A}.Debug|x86.ActiveCfg = Debug|x64
		{76D773AE-90AE-4574-A99A-1A9C5B54077A}.Release|Win32.ActiveCfg = Release|Win32
		{76D773AE-90AE-4574-A99A-1A9C5B54077A}.Release|Win32.Build.0 = Release|Win32
		{76D773AE-90AE-4574-A99A-1A9C5B54077A}.Release|x64.ActiveCfg = Release|x64
		{76D773AE-90AE-4574-A99A-1A9C5B54077A}.Release|x64.Build.0 = Release|x64
		{76D773AE-90AE-4574-A99A-1A9C5B54077A}.Release|x86.ActiveCfg = Release|x64
		{8C5E848D-B91C-49E0-8E9C-E47A67731AC2}.Debug|Win32.ActiveCfg = Debug|Win32
		{8C5E848D-B91C-49E0-8E9C-E47A67731AC2}.Debug|Win32.Build.0 = Debug|Win32
		{8C5E848D-B91C-49E0-8E9C-E47A67731AC2}.Debug|x64.ActiveCfg = Debug|x64
		{8C5E848D-B91C-49E0-8E9C-E47A67731AC2}.Debug|x86.ActiveCfg = Debug|x64
		{8C5E848D-B91C-49E0-8E9C-E47A67731AC2}.Release|Win32.ActiveCfg = Release|Win32
		{8C5E848D-B91C-49E0-8E9C-E47A67731AC2}.Release|Win32.Build.0 = Release|Win32
		{8C5E848D-B91C-49E0-8E9C-E47A67731AC2}.Release|x64.ActiveCfg = Release|x64
		{8C5E848D-B91C-49E0-8E9C-E47A67731AC2}.Release|x86.ActiveCfg = Release|x64
		{B02D8A17-E752-41EF-B417-2A184DC42488}.Debug|Win32.ActiveCfg = Debug|Win32
		{B02D8A17-E752-41EF-B417-2A184DC42488}.Debug|Win32.Build.0 = Debug|Win32
		{B02D8A17-E752-41EF-B417-2A184DC42488}.Debug|x64.ActiveCfg = Debug|x64
		{B02D8A17-E752-41EF-B417-2A184DC42488}.Debug|x64.Build.0 = Debug|x64
		{B02D8A17-E752-41EF-B417-2A184DC42488}.Debug|x86.ActiveCfg = Debug|x64
		{B02D8A17-E752-41EF-B417-2A184DC42488}.Release|Win32.ActiveCfg = Release|Win32
		{B02D8A17-E752-41EF-B417-2A184DC42488}.Release|Win32.Build.0 = Release|Win32
		{B02D8A17-E752-41EF-B417-2A184DC42488}.Release|x64.ActiveCfg = Release|x64
		{B02D8A17-E752-41EF-B417-2A184DC42488}.Release|x64.Build.0 = Release|x64
		{B02D8A17-E752-41EF-B417-2A184DC42488}.Release|x86.ActiveCfg = Release|x64
		{857D3F98-CED7-4290-BC33-E2D960C9B60B}.Debug|Win32.ActiveCfg = Debug|Win32
		{857D3F98-CED7-4290-BC33-E2D960C9B60B}.Debug|Win32.Build.0 = Debug|Win32
		{857D3F98-CED7-4290-BC33-E2D960C9B60B}.Debug|x64.ActiveCfg = Debug|x64
		{857D3F98-CED7-4290-BC33-E2D960C9B60B}.Debug|x86.ActiveCfg = Debug|x64
		{857D3F98-CED7-4290-BC33-E2D960C9B60B}.Release|Win32.ActiveCfg = Release|Win32
		{857D3F98-CED7-4290-BC33-E2D960C9B60B}.Release|Win32.Build.0 = Release|Win32
		{857D3F98-CED7-4290-BC33-E2D960C9B60B}.Release|x64.ActiveCfg = Release|x64
		{857D3F98-CED7-4290-BC33-E2D960C9B60B}.Release|x86.ActiveCfg = Release|x64
		{436E09EF-E935-474B-A3B5-A06D307E1043}.Debug|Win32.ActiveCfg = Debug|x64
		{436E09EF-E935-474B-A3B5-A06D307E1043}.Debug|Win32.Build.0 = Debug|x64
		{436E09EF-E935-474B-A3B5-A06D307E1043}.Debug|x64.ActiveCfg = Debug|x64
		{436E09EF-E935-474B-A3B5-A06D307E1043}.Debug|x86.ActiveCfg = Debug|x64
		{436E09EF-E935-474B-A3B5-A06D307E1043}.Release|Win32.ActiveCfg = Release|Win32
		{436E09EF-E935-474B-A3B5-A06D307E1043}.Release|Win32.Build.0 = Release|Win32
		{436E09EF-E935-474B-A3B5-A06D307E1043}.Release|x64.ActiveCfg = Release|x64
		{436E09EF-E935-474B-A3B5-A06D307E1043}.Release|x86.ActiveCfg = Release|x64
		{7F52A774-6015-43DA-AD5B-A3289EDD6690}.Debug|Win32.ActiveCfg = Debug|x86
		{7F52A774-6015-43DA-AD5B-A3289EDD6690}.Debug|x64.ActiveCfg = Debug|x86
		{7F52A774-6015-43DA-AD5B-A3289EDD6690}.Debug|x86.ActiveCfg = Debug|x86
		{7F52A774-6015-43DA-AD5B-A3289EDD6690}.Debug|x86.Build.0 = Debug|x86
		{7F52A774-6015-43DA-AD5B-A3289EDD6690}.Release|Win32.ActiveCfg = Release|x86
		{7F52A774-6015-43DA-AD5B-A3289EDD6690}.Release|x64.ActiveCfg = Release|x86
		{7F52A774-6015-43DA-AD5B-A3289EDD6690}.Release|x86.ActiveCfg = Release|x86
		{7F52A774-6015-43DA-AD5B-A3289EDD6690}.Release|x86.Build.0 = Release|x86
	EndGlobalSection
	GlobalSection(SolutionProperties) = preSolution
		HideSolutionNode = FALSE
	EndGlobalSection
EndGlobal
