<?xml version="1.0" encoding="utf-8"?>
<Project ToolsVersion="4.0" xmlns="http://schemas.microsoft.com/developer/msbuild/2003">
  <ItemGroup>
    <Filter Include="Source Files">
      <UniqueIdentifier>{f772c136-ec98-4d67-8a1a-b39f564a9b5e}</UniqueIdentifier>
      <Extensions>cpp;c;cxx;rc;def;r;odl;idl;hpj;bat</Extensions>
    </Filter>
  </ItemGroup>
  <ItemGroup>
    <ClInclude Include="..\..\sdk\pr\pr\maths\bitfunctions.h">
      <Filter>Source Files</Filter>
    </ClInclude>
    <ClInclude Include="..\..\sdk\pr\pr\maths\boundingbox.h">
      <Filter>Source Files</Filter>
    </ClInclude>
    <ClInclude Include="..\..\sdk\pr\pr\maths\boundingbox_impl.h">
      <Filter>Source Files</Filter>
    </ClInclude>
    <ClInclude Include="..\..\sdk\pr\pr\maths\boundingsphere.h">
      <Filter>Source Files</Filter>
    </ClInclude>
    <ClInclude Include="..\..\sdk\pr\pr\maths\boundingsphere_impl.h">
      <Filter>Source Files</Filter>
    </ClInclude>
    <ClInclude Include="..\..\sdk\pr\pr\maths\compressionfunctions.h">
      <Filter>Source Files</Filter>
    </ClInclude>
    <ClInclude Include="..\..\sdk\pr\pr\maths\constants.h">
      <Filter>Source Files</Filter>
    </ClInclude>
    <ClInclude Include="..\..\sdk\pr\pr\maths\convexhull.h">
      <Filter>Source Files</Filter>
    </ClInclude>
    <ClInclude Include="..\..\sdk\pr\pr\maths\float_compare.h">
      <Filter>Source Files</Filter>
    </ClInclude>
    <ClInclude Include="..\..\sdk\pr\pr\maths\frect.h">
      <Filter>Source Files</Filter>
    </ClInclude>
    <ClInclude Include="..\..\sdk\pr\pr\maths\frect_impl.h">
      <Filter>Source Files</Filter>
    </ClInclude>
    <ClInclude Include="..\..\sdk\pr\pr\maths\frustum.h">
      <Filter>Source Files</Filter>
    </ClInclude>
    <ClInclude Include="..\..\sdk\pr\pr\maths\frustum_impl.h">
      <Filter>Source Files</Filter>
    </ClInclude>
    <ClInclude Include="..\..\sdk\pr\pr\maths\geometryfunctions.h">
      <Filter>Source Files</Filter>
    </ClInclude>
    <ClInclude Include="..\..\sdk\pr\pr\maths\irect.h">
      <Filter>Source Files</Filter>
    </ClInclude>
    <ClInclude Include="..\..\sdk\pr\pr\maths\irect_impl.h">
      <Filter>Source Files</Filter>
    </ClInclude>
    <ClInclude Include="..\..\sdk\pr\pr\maths\ivector2.h">
      <Filter>Source Files</Filter>
    </ClInclude>
    <ClInclude Include="..\..\sdk\pr\pr\maths\ivector2_impl.h">
      <Filter>Source Files</Filter>
    </ClInclude>
    <ClInclude Include="..\..\sdk\pr\pr\maths\ivector4.h">
      <Filter>Source Files</Filter>
    </ClInclude>
    <ClInclude Include="..\..\sdk\pr\pr\maths\ivector4_impl.h">
      <Filter>Source Files</Filter>
    </ClInclude>
    <ClInclude Include="..\..\sdk\pr\pr\maths\largeint.h">
      <Filter>Source Files</Filter>
    </ClInclude>
    <ClInclude Include="..\..\sdk\pr\pr\maths\line3.h">
      <Filter>Source Files</Filter>
    </ClInclude>
    <ClInclude Include="..\..\sdk\pr\pr\maths\line3_impl.h">
      <Filter>Source Files</Filter>
    </ClInclude>
    <ClInclude Include="..\..\sdk\pr\pr\maths\maths.h">
      <Filter>Source Files</Filter>
    </ClInclude>
    <ClInclude Include="..\..\sdk\pr\pr\maths\mathsassert.h">
      <Filter>Source Files</Filter>
    </ClInclude>
    <ClInclude Include="..\..\sdk\pr\pr\maths\matrix2x2.h">
      <Filter>Source Files</Filter>
    </ClInclude>
    <ClInclude Include="..\..\sdk\pr\pr\maths\matrix2x2_impl.h">
      <Filter>Source Files</Filter>
    </ClInclude>
    <ClInclude Include="..\..\sdk\pr\pr\maths\matrix3x3.h">
      <Filter>Source Files</Filter>
    </ClInclude>
    <ClInclude Include="..\..\sdk\pr\pr\maths\matrix3x3_impl.h">
      <Filter>Source Files</Filter>
    </ClInclude>
    <ClInclude Include="..\..\sdk\pr\pr\maths\matrix4x4.h">
      <Filter>Source Files</Filter>
    </ClInclude>
    <ClInclude Include="..\..\sdk\pr\pr\maths\matrix4x4_impl.h">
      <Filter>Source Files</Filter>
    </ClInclude>
    <ClInclude Include="..\..\sdk\pr\pr\maths\orientedbox.h">
      <Filter>Source Files</Filter>
    </ClInclude>
    <ClInclude Include="..\..\sdk\pr\pr\maths\orientedbox_impl.h">
      <Filter>Source Files</Filter>
    </ClInclude>
    <ClInclude Include="..\..\sdk\pr\pr\maths\perlinnoise.h">
      <Filter>Source Files</Filter>
    </ClInclude>
    <ClInclude Include="..\..\sdk\pr\pr\maths\plane.h">
      <Filter>Source Files</Filter>
    </ClInclude>
    <ClInclude Include="..\..\sdk\pr\pr\maths\polynomial.h">
      <Filter>Source Files</Filter>
    </ClInclude>
    <ClInclude Include="..\..\sdk\pr\pr\maths\primes.h">
      <Filter>Source Files</Filter>
    </ClInclude>
    <ClInclude Include="..\..\sdk\pr\pr\maths\quaternion.h">
      <Filter>Source Files</Filter>
    </ClInclude>
    <ClInclude Include="..\..\sdk\pr\pr\maths\quaternion_impl.h">
      <Filter>Source Files</Filter>
    </ClInclude>
    <ClInclude Include="..\..\sdk\pr\pr\maths\rand.h">
      <Filter>Source Files</Filter>
    </ClInclude>
    <ClInclude Include="..\..\sdk\pr\pr\maths\rand_mt19937.h">
      <Filter>Source Files</Filter>
    </ClInclude>
    <ClInclude Include="..\..\sdk\pr\pr\maths\scalar.h">
      <Filter>Source Files</Filter>
    </ClInclude>
    <ClInclude Include="..\..\sdk\pr\pr\maths\scalar_impl.h">
      <Filter>Source Files</Filter>
    </ClInclude>
    <ClInclude Include="..\..\sdk\pr\pr\maths\spatial.h">
      <Filter>Source Files</Filter>
    </ClInclude>
    <ClInclude Include="..\..\sdk\pr\pr\maths\spline.h">
      <Filter>Source Files</Filter>
    </ClInclude>
    <ClInclude Include="..\..\sdk\pr\pr\maths\stat.h">
      <Filter>Source Files</Filter>
    </ClInclude>
    <ClInclude Include="..\..\sdk\pr\pr\maths\triangulate.h">
      <Filter>Source Files</Filter>
    </ClInclude>
    <ClInclude Include="..\..\sdk\pr\pr\maths\vector2.h">
      <Filter>Source Files</Filter>
    </ClInclude>
    <ClInclude Include="..\..\sdk\pr\pr\maths\vector2_impl.h">
      <Filter>Source Files</Filter>
    </ClInclude>
    <ClInclude Include="..\..\sdk\pr\pr\maths\vector3.h">
      <Filter>Source Files</Filter>
    </ClInclude>
    <ClInclude Include="..\..\sdk\pr\pr\maths\vector3_impl.h">
      <Filter>Source Files</Filter>
    </ClInclude>
    <ClInclude Include="..\..\sdk\pr\pr\maths\vector4.h">
      <Filter>Source Files</Filter>
    </ClInclude>
    <ClInclude Include="..\..\sdk\pr\pr\maths\vector4_impl.h">
      <Filter>Source Files</Filter>
    </ClInclude>
    <ClInclude Include="..\..\sdk\pr\pr\maths\forward.h">
      <Filter>Source Files</Filter>
    </ClInclude>
    <ClInclude Include="..\..\sdk\pr\pr\maths\vector_rand.h">
      <Filter>Source Files</Filter>
    </ClInclude>
    <ClInclude Include="..\..\sdk\pr\pr\maths\macros.h">
      <Filter>Source Files</Filter>
    </ClInclude>
    <ClInclude Include="..\..\sdk\pr\pr\maths\geometryfunctions_impl.h">
      <Filter>Source Files</Filter>
    </ClInclude>
    <ClInclude Include="..\..\sdk\pr\pr\maths\conversion.h">
      <Filter>Source Files</Filter>
    </ClInclude>
  </ItemGroup>
  <ItemGroup>
    <ClCompile Include="..\..\sdk\pr\pr\maths\test.cpp">
      <Filter>Source Files</Filter>
    </ClCompile>
  </ItemGroup>
</Project>