<?xml version="1.0" encoding="utf-8"?>
<Project ToolsVersion="4.0" xmlns="http://schemas.microsoft.com/developer/msbuild/2003">
  <ItemGroup>
    <Filter Include="config">
      <UniqueIdentifier>{11a2d089-14e9-4307-8ad6-7e475adafcfa}</UniqueIdentifier>
    </Filter>
    <Filter Include="render">
      <UniqueIdentifier>{4FC737F1-C7A5-4376-A066-2A32D752A2FF}</UniqueIdentifier>
    </Filter>
    <Filter Include="util">
      <UniqueIdentifier>{93995380-89BD-4b04-88EB-625FBE52EBFB}</UniqueIdentifier>
    </Filter>
    <Filter Include="materials">
      <UniqueIdentifier>{058fd373-5ea2-4072-ad27-e69a8c65c84a}</UniqueIdentifier>
    </Filter>
    <Filter Include="models">
      <UniqueIdentifier>{4151782e-6aca-4af0-8bb4-5e646d27e050}</UniqueIdentifier>
    </Filter>
    <Filter Include="materials\textures">
      <UniqueIdentifier>{faf42226-0091-4cef-b5ca-8c77abffc798}</UniqueIdentifier>
    </Filter>
    <Filter Include="instances">
      <UniqueIdentifier>{c3806097-069b-4f18-8be1-94fc978e551c}</UniqueIdentifier>
    </Filter>
    <Filter Include="materials\shaders">
      <UniqueIdentifier>{046fe0e7-692c-4ede-8633-41b96de1420b}</UniqueIdentifier>
    </Filter>
    <Filter Include="materials\shaders\shaders">
      <UniqueIdentifier>{188ea3e3-14ac-4c9c-8c3a-e4b1827d0dc0}</UniqueIdentifier>
    </Filter>
    <Filter Include="materials\shaders\common">
      <UniqueIdentifier>{f2eca657-5dc8-4b27-8ad4-e9ce2f165350}</UniqueIdentifier>
    </Filter>
  </ItemGroup>
  <ItemGroup>
    <ClInclude Include="..\..\sdk\pr\pr\renderer11\renderer.h" />
    <ClInclude Include="..\renderer11\util\stdafx.h">
      <Filter>util</Filter>
    </ClInclude>
    <ClInclude Include="..\..\sdk\pr\pr\renderer11\forward.h" />
    <ClInclude Include="..\..\sdk\pr\pr\renderer11\render\renderer.h">
      <Filter>render</Filter>
    </ClInclude>
    <ClInclude Include="..\..\sdk\pr\pr\renderer11\config\config.h">
      <Filter>config</Filter>
    </ClInclude>
    <ClInclude Include="..\..\sdk\pr\pr\renderer11\materials\textures\texture2d.h">
      <Filter>materials\textures</Filter>
    </ClInclude>
    <ClInclude Include="..\..\sdk\pr\pr\renderer11\render\scene.h">
      <Filter>render</Filter>
    </ClInclude>
    <ClInclude Include="..\..\sdk\pr\pr\renderer11\util\wrappers.h">
      <Filter>util</Filter>
    </ClInclude>
    <ClInclude Include="..\..\sdk\pr\pr\renderer11\render\drawlist.h">
      <Filter>render</Filter>
    </ClInclude>
    <ClInclude Include="..\..\sdk\pr\pr\renderer11\render\sortkey.h">
      <Filter>render</Filter>
    </ClInclude>
    <ClInclude Include="..\..\sdk\pr\pr\renderer11\instances\instance.h">
      <Filter>instances</Filter>
    </ClInclude>
    <ClInclude Include="..\..\sdk\pr\pr\renderer11\models\model.h">
      <Filter>models</Filter>
    </ClInclude>
    <ClInclude Include="..\..\sdk\pr\pr\renderer11\render\render_states.h">
      <Filter>render</Filter>
    </ClInclude>
    <ClInclude Include="..\..\sdk\pr\pr\renderer11\render\gbuffer.h">
      <Filter>render</Filter>
    </ClInclude>
    <ClInclude Include="..\..\sdk\pr\pr\renderer11\materials\material.h">
      <Filter>materials</Filter>
    </ClInclude>
    <ClInclude Include="..\..\sdk\pr\pr\renderer11\materials\shaders\shader.h">
      <Filter>materials\shaders</Filter>
    </ClInclude>
    <ClInclude Include="..\..\sdk\pr\pr\renderer11\models\model_buffer.h">
      <Filter>models</Filter>
    </ClInclude>
    <ClInclude Include="..\..\sdk\pr\pr\renderer11\models\input_layout.h">
      <Filter>models</Filter>
    </ClInclude>
    <ClInclude Include="..\..\sdk\pr\pr\renderer11\models\model_manager.h">
      <Filter>models</Filter>
    </ClInclude>
    <ClInclude Include="..\..\sdk\pr\pr\renderer11\models\model_settings.h">
      <Filter>models</Filter>
    </ClInclude>
    <ClInclude Include="..\..\sdk\pr\pr\renderer11\util\allocator.h">
      <Filter>util</Filter>
    </ClInclude>
    <ClInclude Include="..\..\sdk\pr\pr\renderer11\models\nugget.h">
      <Filter>models</Filter>
    </ClInclude>
    <ClInclude Include="..\..\sdk\pr\pr\renderer11\materials\material_manager.h">
      <Filter>materials</Filter>
    </ClInclude>
    <ClInclude Include="..\..\sdk\pr\pr\renderer11\util\lookup.h">
      <Filter>util</Filter>
    </ClInclude>
    <ClInclude Include="..\..\sdk\pr\pr\renderer11\util\util.h">
      <Filter>util</Filter>
    </ClInclude>
    <ClInclude Include="..\..\sdk\pr\pr\renderer11\util\dds_texture_loader.h">
      <Filter>util</Filter>
    </ClInclude>
    <ClInclude Include="..\..\sdk\pr\pr\renderer11\util\stock_resources.h">
      <Filter>util</Filter>
    </ClInclude>
    <ClInclude Include="..\..\sdk\pr\pr\renderer11\models\model_generator.h">
      <Filter>models</Filter>
    </ClInclude>
    <ClInclude Include="..\..\sdk\pr\pr\renderer11\util\lock.h">
      <Filter>util</Filter>
    </ClInclude>
    <ClInclude Include="..\..\sdk\pr\pr\renderer11\util\demo_scene.h">
      <Filter>util</Filter>
    </ClInclude>
    <ClInclude Include="..\renderer11\materials\shaders\constant_buffers.h">
      <Filter>materials\shaders</Filter>
    </ClInclude>
    <ClInclude Include="..\renderer11\render\draw.h">
      <Filter>render</Filter>
    </ClInclude>
    <ClInclude Include="..\..\sdk\pr\pr\renderer11\render\scene_view.h">
      <Filter>render</Filter>
    </ClInclude>
    <ClInclude Include="..\..\sdk\pr\pr\renderer11\render\drawlist_element.h">
      <Filter>render</Filter>
    </ClInclude>
  </ItemGroup>
  <ItemGroup>
    <ClCompile Include="..\renderer11\util\stdafx.cpp">
      <Filter>util</Filter>
    </ClCompile>
    <ClCompile Include="..\renderer11\render\renderer.cpp">
      <Filter>render</Filter>
    </ClCompile>
    <ClCompile Include="..\renderer11\config\config.cpp">
      <Filter>config</Filter>
    </ClCompile>
    <ClCompile Include="..\renderer11\render\scene.cpp">
      <Filter>render</Filter>
    </ClCompile>
    <ClCompile Include="..\renderer11\render\drawlist.cpp">
      <Filter>render</Filter>
    </ClCompile>
    <ClCompile Include="..\renderer11\render\gbuffer.cpp">
      <Filter>render</Filter>
    </ClCompile>
    <ClCompile Include="..\renderer11\materials\shaders\shader.cpp">
      <Filter>materials\shaders</Filter>
    </ClCompile>
    <ClCompile Include="..\renderer11\models\model_manager.cpp">
      <Filter>models</Filter>
    </ClCompile>
    <ClCompile Include="..\renderer11\models\model_buffer.cpp">
      <Filter>models</Filter>
    </ClCompile>
    <ClCompile Include="..\renderer11\materials\textures\texture2d.cpp">
      <Filter>materials\textures</Filter>
    </ClCompile>
    <ClCompile Include="..\renderer11\models\model.cpp">
      <Filter>models</Filter>
    </ClCompile>
    <ClCompile Include="..\renderer11\materials\material_manager.cpp">
      <Filter>materials</Filter>
    </ClCompile>
    <ClCompile Include="..\..\sdk\pr\pr\renderer11\util\util.cpp">
      <Filter>util</Filter>
    </ClCompile>
    <ClCompile Include="..\renderer11\util\dds_texture_loader.cpp">
      <Filter>util</Filter>
    </ClCompile>
    <ClCompile Include="..\renderer11\util\lock.cpp">
      <Filter>util</Filter>
    </ClCompile>
    <ClCompile Include="..\renderer11\render\draw.cpp">
      <Filter>render</Filter>
    </ClCompile>
  </ItemGroup>
  <ItemGroup>
    <None Include="..\..\bin\_build_shader.cmd">
      <Filter>materials\shaders</Filter>
    </None>
    <None Include="..\renderer11\materials\shaders\hlsl\uber.hlsl">
      <Filter>materials\shaders\common</Filter>
    </None>
    <None Include="..\renderer11\materials\shaders\hlsl\uber_cbuffer.hlsl">
      <Filter>materials\shaders\common</Filter>
    </None>
    <None Include="..\renderer11\materials\shaders\hlsl\uber_defines.hlsl">
      <Filter>materials\shaders\common</Filter>
    </None>
    <None Include="..\renderer11\materials\shaders\hlsl\functions.hlsl">
      <Filter>materials\shaders\common</Filter>
    </None>
  </ItemGroup>
  <ItemGroup>
    <CustomBuild Include="..\renderer11\materials\shaders\hlsl\ps_txfm_tint.hlsl">
      <Filter>materials\shaders\shaders</Filter>
    </CustomBuild>
    <CustomBuild Include="..\renderer11\materials\shaders\hlsl\vs_txfm_tint.hlsl">
      <Filter>materials\shaders\shaders</Filter>
    </CustomBuild>
  </ItemGroup>
</Project>