<?xml version="1.0" encoding="utf-8"?>
<Project ToolsVersion="4.0" xmlns="http://schemas.microsoft.com/developer/msbuild/2003">
  <ItemGroup>
    <Filter Include="configuration">
      <UniqueIdentifier>{912035b2-2cba-4766-acd6-d909cef3d5ca}</UniqueIdentifier>
    </Filter>
    <Filter Include="instances">
      <UniqueIdentifier>{092d7ac7-1bc8-4a81-b998-806a21040e22}</UniqueIdentifier>
    </Filter>
    <Filter Include="lighting">
      <UniqueIdentifier>{fcaca929-3408-416f-ab6a-2881a41c80c3}</UniqueIdentifier>
    </Filter>
    <Filter Include="materials">
      <UniqueIdentifier>{b03aaeee-33f7-4565-9329-eb0fe8e14e05}</UniqueIdentifier>
    </Filter>
    <Filter Include="materials\effects">
      <UniqueIdentifier>{b2a0f593-6819-4adb-aa53-c8cb794bb864}</UniqueIdentifier>
    </Filter>
    <Filter Include="materials\textures">
      <UniqueIdentifier>{d16c30b2-8eaf-40a9-b26f-4bf1800808cc}</UniqueIdentifier>
    </Filter>
    <Filter Include="models">
      <UniqueIdentifier>{5c09bf5a-d0de-47b0-b859-342d6f524c11}</UniqueIdentifier>
    </Filter>
    <Filter Include="packages">
      <UniqueIdentifier>{59af623e-6f0e-4bcb-ada6-e4a090bb4abc}</UniqueIdentifier>
    </Filter>
    <Filter Include="renderstates">
      <UniqueIdentifier>{07efc4cc-3cd0-4040-ae01-354bff9e53f8}</UniqueIdentifier>
    </Filter>
    <Filter Include="vertexformats">
      <UniqueIdentifier>{fe4a1615-7e3b-4b4a-9cdc-5294804fa589}</UniqueIdentifier>
    </Filter>
    <Filter Include="viewport">
      <UniqueIdentifier>{90742778-ea61-4039-90c5-d4c819d0f895}</UniqueIdentifier>
    </Filter>
    <Filter Include="renderer">
      <UniqueIdentifier>{27d600db-56f3-4a39-9c35-f02bb53d84af}</UniqueIdentifier>
    </Filter>
    <Filter Include="utility">
      <UniqueIdentifier>{6c12c83a-460c-4dfa-80b1-b5962b863951}</UniqueIdentifier>
    </Filter>
    <Filter Include="types">
      <UniqueIdentifier>{080a6b7b-eff9-42bc-bf72-626c79c6bbbe}</UniqueIdentifier>
    </Filter>
    <Filter Include="geometry">
      <UniqueIdentifier>{47b5b3b3-8b53-47d9-82cc-452ee65b17a4}</UniqueIdentifier>
    </Filter>
    <Filter Include="materials\video">
      <UniqueIdentifier>{4fca48c2-b6c5-4271-a434-08a61294dd8e}</UniqueIdentifier>
    </Filter>
  </ItemGroup>
  <ItemGroup>
    <ClCompile Include="..\renderer\configuration\configure.cpp">
      <Filter>configuration</Filter>
    </ClCompile>
    <ClCompile Include="..\renderer\lighting\lightingmanager.cpp">
      <Filter>lighting</Filter>
    </ClCompile>
    <ClCompile Include="..\renderer\materials\material_manager.cpp">
      <Filter>materials</Filter>
    </ClCompile>
    <ClCompile Include="..\renderer\materials\effects\fragments.cpp">
      <Filter>materials\effects</Filter>
    </ClCompile>
    <ClCompile Include="..\renderer\materials\textures\texture.cpp">
      <Filter>materials\textures</Filter>
    </ClCompile>
    <ClCompile Include="..\renderer\models\model.cpp">
      <Filter>models</Filter>
    </ClCompile>
    <ClCompile Include="..\renderer\models\modelbuffer.cpp">
      <Filter>models</Filter>
    </ClCompile>
    <ClCompile Include="..\renderer\models\modelgenerator.cpp">
      <Filter>models</Filter>
    </ClCompile>
    <ClCompile Include="..\renderer\models\modelmanager.cpp">
      <Filter>models</Filter>
    </ClCompile>
    <ClCompile Include="..\renderer\models\quadbuffer.cpp">
      <Filter>models</Filter>
    </ClCompile>
    <ClCompile Include="..\renderer\packages\package.cpp">
      <Filter>packages</Filter>
    </ClCompile>
    <ClCompile Include="..\renderer\renderstates\renderstatemanager.cpp">
      <Filter>renderstates</Filter>
    </ClCompile>
    <ClCompile Include="..\renderer\vertexformats\vertexformatmanager.cpp">
      <Filter>vertexformats</Filter>
    </ClCompile>
    <ClCompile Include="..\renderer\viewport\drawlist.cpp">
      <Filter>viewport</Filter>
    </ClCompile>
    <ClCompile Include="..\renderer\viewport\viewport.cpp">
      <Filter>viewport</Filter>
    </ClCompile>
    <ClCompile Include="..\renderer\renderer\renderer.cpp">
      <Filter>renderer</Filter>
    </ClCompile>
    <ClCompile Include="..\renderer\utility\globalfunctions.cpp">
      <Filter>utility</Filter>
    </ClCompile>
    <ClCompile Include="..\renderer\utility\stdafx.cpp">
      <Filter>utility</Filter>
    </ClCompile>
    <ClCompile Include="..\renderer\lighting\light.cpp">
      <Filter>lighting</Filter>
    </ClCompile>
    <ClCompile Include="..\renderer\materials\effects\effect.cpp">
      <Filter>materials\effects</Filter>
    </ClCompile>
    <ClCompile Include="..\renderer\materials\video\video.cpp">
      <Filter>materials\video</Filter>
    </ClCompile>
  </ItemGroup>
  <ItemGroup>
    <ClInclude Include="..\..\sdk\pr\pr\renderer\configuration\configure.h">
      <Filter>configuration</Filter>
    </ClInclude>
    <ClInclude Include="..\..\sdk\pr\pr\renderer\configuration\defaultallocator.h">
      <Filter>configuration</Filter>
    </ClInclude>
    <ClInclude Include="..\..\sdk\pr\pr\renderer\configuration\defaulttypes.h">
      <Filter>configuration</Filter>
    </ClInclude>
    <ClInclude Include="..\..\sdk\pr\pr\renderer\configuration\iallocator.h">
      <Filter>configuration</Filter>
    </ClInclude>
    <ClInclude Include="..\..\sdk\pr\pr\renderer\configuration\projectconfiguration.h">
      <Filter>configuration</Filter>
    </ClInclude>
    <ClInclude Include="..\..\sdk\pr\pr\renderer\configuration\settings.h">
      <Filter>configuration</Filter>
    </ClInclude>
    <ClInclude Include="..\..\sdk\pr\pr\renderer\instances\instance.h">
      <Filter>instances</Filter>
    </ClInclude>
    <ClInclude Include="..\..\sdk\pr\pr\renderer\lighting\light.h">
      <Filter>lighting</Filter>
    </ClInclude>
    <ClInclude Include="..\..\sdk\pr\pr\renderer\lighting\lighting_dlg.h">
      <Filter>lighting</Filter>
    </ClInclude>
    <ClInclude Include="..\..\sdk\pr\pr\renderer\lighting\lightingmanager.h">
      <Filter>lighting</Filter>
    </ClInclude>
    <ClInclude Include="..\..\sdk\pr\pr\renderer\materials\material.h">
      <Filter>materials</Filter>
    </ClInclude>
    <ClInclude Include="..\..\sdk\pr\pr\renderer\materials\material_manager.h">
      <Filter>materials</Filter>
    </ClInclude>
    <ClInclude Include="..\..\sdk\pr\pr\renderer\materials\effects\fragments.h">
      <Filter>materials\effects</Filter>
    </ClInclude>
    <ClInclude Include="..\..\sdk\pr\pr\renderer\materials\textures\texture.h">
      <Filter>materials\textures</Filter>
    </ClInclude>
    <ClInclude Include="..\..\sdk\pr\pr\renderer\materials\textures\texturefilter.h">
      <Filter>materials\textures</Filter>
    </ClInclude>
    <ClInclude Include="..\..\sdk\pr\pr\renderer\models\model.h">
      <Filter>models</Filter>
    </ClInclude>
    <ClInclude Include="..\..\sdk\pr\pr\renderer\models\modelbuffer.h">
      <Filter>models</Filter>
    </ClInclude>
    <ClInclude Include="..\..\sdk\pr\pr\renderer\models\modelgenerator.h">
      <Filter>models</Filter>
    </ClInclude>
    <ClInclude Include="..\..\sdk\pr\pr\renderer\models\modelmanager.h">
      <Filter>models</Filter>
    </ClInclude>
    <ClInclude Include="..\..\sdk\pr\pr\renderer\models\quadbuffer.h">
      <Filter>models</Filter>
    </ClInclude>
    <ClInclude Include="..\..\sdk\pr\pr\renderer\models\rendernugget.h">
      <Filter>models</Filter>
    </ClInclude>
    <ClInclude Include="..\..\sdk\pr\pr\renderer\models\types.h">
      <Filter>models</Filter>
    </ClInclude>
    <ClInclude Include="..\..\sdk\pr\pr\renderer\packages\package.h">
      <Filter>packages</Filter>
    </ClInclude>
    <ClInclude Include="..\..\sdk\pr\pr\renderer\renderstates\renderstate.h">
      <Filter>renderstates</Filter>
    </ClInclude>
    <ClInclude Include="..\..\sdk\pr\pr\renderer\renderstates\renderstatemanager.h">
      <Filter>renderstates</Filter>
    </ClInclude>
    <ClInclude Include="..\renderer\renderstates\renderstatesinc.h">
      <Filter>renderstates</Filter>
    </ClInclude>
    <ClInclude Include="..\..\sdk\pr\pr\renderer\renderstates\stackframes.h">
      <Filter>renderstates</Filter>
    </ClInclude>
    <ClInclude Include="..\..\sdk\pr\pr\renderer\vertexformats\vertexformat.h">
      <Filter>vertexformats</Filter>
    </ClInclude>
    <ClInclude Include="..\..\sdk\pr\pr\renderer\vertexformats\vertexformatmanager.h">
      <Filter>vertexformats</Filter>
    </ClInclude>
    <ClInclude Include="..\..\sdk\pr\pr\renderer\viewport\drawlist.h">
      <Filter>viewport</Filter>
    </ClInclude>
    <ClInclude Include="..\..\sdk\pr\pr\renderer\viewport\drawlistelement.h">
      <Filter>viewport</Filter>
    </ClInclude>
    <ClInclude Include="..\..\sdk\pr\pr\renderer\viewport\sortkey.h">
      <Filter>viewport</Filter>
    </ClInclude>
    <ClInclude Include="..\..\sdk\pr\pr\renderer\viewport\viewport.h">
      <Filter>viewport</Filter>
    </ClInclude>
    <ClInclude Include="..\..\sdk\pr\pr\renderer\renderer\renderer.h">
      <Filter>renderer</Filter>
    </ClInclude>
    <ClInclude Include="..\renderer\utility\assert.h">
      <Filter>utility</Filter>
    </ClInclude>
    <ClInclude Include="..\..\sdk\pr\pr\renderer\utility\errors.h">
      <Filter>utility</Filter>
    </ClInclude>
    <ClInclude Include="..\..\sdk\pr\pr\renderer\utility\globalfunctions.h">
      <Filter>utility</Filter>
    </ClInclude>
    <ClInclude Include="..\..\sdk\pr\pr\renderer\types\forward.h">
      <Filter>types</Filter>
    </ClInclude>
    <ClInclude Include="..\..\sdk\pr\pr\geometry\forward.h">
      <Filter>geometry</Filter>
    </ClInclude>
    <ClInclude Include="..\..\sdk\pr\pr\geometry\geometry.h">
      <Filter>geometry</Filter>
    </ClInclude>
    <ClInclude Include="..\..\sdk\pr\pr\geometry\geosphere.h">
      <Filter>geometry</Filter>
    </ClInclude>
    <ClInclude Include="..\..\sdk\pr\pr\geometry\patch.h">
      <Filter>geometry</Filter>
    </ClInclude>
    <ClInclude Include="..\..\sdk\pr\pr\renderer\renderer.h" />
    <ClInclude Include="..\renderer\utility\stdafx.h">
      <Filter>utility</Filter>
    </ClInclude>
    <ClInclude Include="..\..\sdk\pr\pr\renderer\materials\effects\effect.h">
      <Filter>materials\effects</Filter>
    </ClInclude>
    <ClInclude Include="..\..\sdk\pr\pr\renderer\materials\video\video.h">
      <Filter>materials\video</Filter>
    </ClInclude>
    <ClInclude Include="..\..\sdk\pr\pr\renderer\materials\video\video_ctrl_dlg.h">
      <Filter>materials\video</Filter>
    </ClInclude>
    <ClInclude Include="..\..\sdk\pr\pr\geometry\hex_patch.h">
      <Filter>geometry</Filter>
    </ClInclude>
  </ItemGroup>
  <ItemGroup>
    <None Include="..\renderer\buildshaders.bat" />
  </ItemGroup>
</Project>