<?xml version="1.0" encoding="utf-8"?>
<Project ToolsVersion="4.0" xmlns="http://schemas.microsoft.com/developer/msbuild/2003">
  <ItemGroup>
    <Filter Include="art">
      <UniqueIdentifier>{cbe6df3c-e644-4106-a993-43f64d77685a}</UniqueIdentifier>
    </Filter>
    <Filter Include="data">
      <UniqueIdentifier>{ac505525-d852-42d3-8145-ec3ecaa6f9a7}</UniqueIdentifier>
    </Filter>
    <Filter Include="inc">
      <UniqueIdentifier>{b80370b1-c058-4b13-ac5c-83314d3420f9}</UniqueIdentifier>
    </Filter>
    <Filter Include="priv">
      <UniqueIdentifier>{4FC737F1-C7A5-4376-A066-2A32D752A2FF}</UniqueIdentifier>
      <Extensions>cpp;c;cc;cxx;def;odl;idl;hpj;bat;asm;asmx</Extensions>
    </Filter>
  </ItemGroup>
  <ItemGroup>
    <None Include="..\www.rylogic.co.nz\art\background.png">
      <Filter>art</Filter>
    </None>
    <None Include="..\www.rylogic.co.nz\art\leftmenu_bottom.png">
      <Filter>art</Filter>
    </None>
    <None Include="..\www.rylogic.co.nz\art\leftmenu_link.png">
      <Filter>art</Filter>
    </None>
    <None Include="..\www.rylogic.co.nz\art\leftmenu_top.png">
      <Filter>art</Filter>
    </None>
    <None Include="..\www.rylogic.co.nz\art\linkbackground.jpg">
      <Filter>art</Filter>
    </None>
    <None Include="..\www.rylogic.co.nz\art\main_back.png">
      <Filter>art</Filter>
    </None>
    <None Include="..\www.rylogic.co.nz\art\main_bottom.png">
      <Filter>art</Filter>
    </None>
    <None Include="..\www.rylogic.co.nz\art\main_top.png">
      <Filter>art</Filter>
    </None>
    <None Include="..\www.rylogic.co.nz\clicket.php" />
    <None Include="..\www.rylogic.co.nz\command_line_utils.php" />
    <None Include="..\www.rylogic.co.nz\contact.php" />
    <None Include="..\www.rylogic.co.nz\deploy.cmd" />
    <None Include="..\www.rylogic.co.nz\imager.php" />
    <None Include="..\www.rylogic.co.nz\index.php" />
    <None Include="..\www.rylogic.co.nz\latest_versions.xml" />
    <None Include="..\www.rylogic.co.nz\linedrawer.php" />
    <None Include="..\www.rylogic.co.nz\links.php" />
    <None Include="..\www.rylogic.co.nz\prdll.php" />
    <None Include="..\www.rylogic.co.nz\services.php" />
    <None Include="..\www.rylogic.co.nz\style.css" />
    <None Include="..\www.rylogic.co.nz\terms_and_conditions.php" />
    <None Include="..\www.rylogic.co.nz\view3d.php" />
    <None Include="..\www.rylogic.co.nz\inc\footer.php">
      <Filter>inc</Filter>
    </None>
    <None Include="..\www.rylogic.co.nz\inc\header.php">
      <Filter>inc</Filter>
    </None>
    <None Include="..\www.rylogic.co.nz\inc\left_menu.php">
      <Filter>inc</Filter>
    </None>
    <None Include="..\www.rylogic.co.nz\inc\main_menu.php">
      <Filter>inc</Filter>
    </None>
    <None Include="..\www.rylogic.co.nz\inc\right_panel.php">
      <Filter>inc</Filter>
    </None>
    <None Include="..\www.rylogic.co.nz\inc\title.php">
      <Filter>inc</Filter>
    </None>
    <None Include="..\www.rylogic.co.nz\priv\index.php">
      <Filter>priv</Filter>
    </None>
    <None Include="..\www.rylogic.co.nz\data\imager.x64.zip">
      <Filter>data</Filter>
    </None>
    <None Include="..\www.rylogic.co.nz\data\imager.x86.zip">
      <Filter>data</Filter>
    </None>
    <None Include="..\www.rylogic.co.nz\data\linedrawer.x64.zip">
      <Filter>data</Filter>
    </None>
    <None Include="..\www.rylogic.co.nz\data\linedrawer.x86.zip">
      <Filter>data</Filter>
    </None>
  </ItemGroup>
</Project>