Microsoft Visual Studio Solution File, Format Version 10.00
# Visual Studio 2008
Project("{8BC9CEB8-8B4A-11D0-8D11-00A0C91BC942}") = "UnitTest++", "UnitTest++.vcproj", "{9CCC3439-309E-4E85-B3B8-CE704D385D48}"
EndProject
Project("{8BC9CEB8-8B4A-11D0-8D11-00A0C91BC942}") = "PhysicsTestbed", "PhysicsTestbed.vcproj", "{E49D4F79-0085-42F4-A381-69E0CA430489}"
EndProject
Project("{8BC9CEB8-8B4A-11D0-8D11-00A0C91BC942}") = "terrain", "Terrain.vcproj", "{957F3BFE-E081-4688-854E-2E6597C99007}"
EndProject
Project("{8BC9CEB8-8B4A-11D0-8D11-00A0C91BC942}") = "View3D", "View3D.vcproj", "{363D015B-B545-4623-A5CE-61245C9BF1F8}"
	ProjectSection(ProjectDependencies) = postProject
		{FB9D892B-A47A-4966-A0D6-45F7F259F654} = {FB9D892B-A47A-4966-A0D6-45F7F259F654}
	EndProjectSection
EndProject
Project("{FAE04EC0-301F-11D3-BF4B-00C04F79EFBC}") = "Fishomatic2", "..\Fishomatic2\Fishomatic2.csproj", "{CE923D41-9DBB-4F8A-904A-F297B499153D}"
	ProjectSection(ProjectDependencies) = postProject
		{1735C773-5477-45E6-9CBF-5F2B6DC707EF} = {1735C773-5477-45E6-9CBF-5F2B6DC707EF}
	EndProjectSection
EndProject
Project("{FAE04EC0-301F-11D3-BF4B-00C04F79EFBC}") = "prcs", "..\..\sdk\pr\prcs\prcs.csproj", "{1735C773-5477-45E6-9CBF-5F2B6DC707EF}"
	ProjectSection(ProjectDependencies) = postProject
		{363D015B-B545-4623-A5CE-61245C9BF1F8} = {363D015B-B545-4623-A5CE-61245C9BF1F8}
	EndProjectSection
EndProject
Project("{FAE04EC0-301F-11D3-BF4B-00C04F79EFBC}") = "testcs", "..\..\sdk\pr\prcs\testcs.csproj", "{07F0B17E-A548-436E-BC8E-594B47685D7B}"
	ProjectSection(ProjectDependencies) = postProject
		{363D015B-B545-4623-A5CE-61245C9BF1F8} = {363D015B-B545-4623-A5CE-61245C9BF1F8}
	EndProjectSection
EndProject
Project("{FAE04EC0-301F-11D3-BF4B-00C04F79EFBC}") = "Grapher", "..\grapher\Grapher.csproj", "{F857C009-9717-4851-AFA4-5AE56DD8427F}"
EndProject
Project("{FAE04EC0-301F-11D3-BF4B-00C04F79EFBC}") = "FarPointer", "..\FarPointer\FarPointer.csproj", "{F05EF947-AAFC-4947-9378-930EEAEF5CF0}"
EndProject
Project("{8BC9CEB8-8B4A-11D0-8D11-00A0C91BC942}") = "luadll", "LuaDll.vcproj", "{C54DCD6C-3907-4E55-82E9-9F92CABE8FC7}"
EndProject
Project("{FAE04EC0-301F-11D3-BF4B-00C04F79EFBC}") = "imager", "..\imager\imager.csproj", "{D6EC6728-119F-4AF1-898A-DFCD15A1DADB}"
	ProjectSection(ProjectDependencies) = postProject
		{363D015B-B545-4623-A5CE-61245C9BF1F8} = {363D015B-B545-4623-A5CE-61245C9BF1F8}
	EndProjectSection
EndProject
Project("{8BC9CEB8-8B4A-11D0-8D11-00A0C91BC942}") = "linedrawer", "linedrawer.vcproj", "{74EA4C21-4E6E-45F3-AABB-926263237626}"
EndProject
Project("{8BC9CEB8-8B4A-11D0-8D11-00A0C91BC942}") = "ode", "..\..\sdk\ode\build\vs2008\ode_single_lib.vcproj", "{BD331196-B759-2745-92AA-E4FF7D73885C}"
EndProject
Project("{8BC9CEB8-8B4A-11D0-8D11-00A0C91BC942}") = "pp_output", "pp_output.vcproj", "{857D3F98-CED7-4290-BC33-E2D960C9B60B}"
EndProject
Project("{8BC9CEB8-8B4A-11D0-8D11-00A0C91BC942}") = "imagern", "imagern.vcproj", "{82BF667E-18C4-4B30-A88C-A1F68FF09C6E}"
EndProject
Project("{8BC9CEB8-8B4A-11D0-8D11-00A0C91BC942}") = "test", "Test.vcproj", "{4EB11831-ABE7-4E77-83E4-D2141DA4B5A6}"
EndProject
Project("{8BC9CEB8-8B4A-11D0-8D11-00A0C91BC942}") = "Base64Encoder", "Base64Encoder.vcproj", "{28CF539E-EE34-43E7-A8BE-51C2A854AF8A}"
EndProject
Project("{8BC9CEB8-8B4A-11D0-8D11-00A0C91BC942}") = "cex", "cex.vcproj", "{38D15250-3D19-43C6-9781-68086A249D5D}"
EndProject
Project("{8BC9CEB8-8B4A-11D0-8D11-00A0C91BC942}") = "Clicket", "Clicket.vcproj", "{B02D8A17-E752-41EF-B417-2A184DC42488}"
EndProject
Project("{8BC9CEB8-8B4A-11D0-8D11-00A0C91BC942}") = "CrcGen", "CrcGen.vcproj", "{C5436770-56EB-4DDC-8556-22D9E0F4DBB5}"
EndProject
Project("{8BC9CEB8-8B4A-11D0-8D11-00A0C91BC942}") = "GUIDGen", "GUIDGen.vcproj", "{54E4C819-E31C-4582-B150-77AB88A3D742}"
EndProject
Project("{8BC9CEB8-8B4A-11D0-8D11-00A0C91BC942}") = "HeaderFileData", "HeaderFileData.vcproj", "{63AFC2E5-E486-4BF5-B053-13CD9E06F3B1}"
EndProject
Project("{8BC9CEB8-8B4A-11D0-8D11-00A0C91BC942}") = "image", "Image.vcproj", "{1D0BE061-315E-45BB-91B4-90F54342BC18}"
EndProject
Project("{8BC9CEB8-8B4A-11D0-8D11-00A0C91BC942}") = "LineDrawerExamplePlugIn", "LineDrawerExamplePlugIn.vcproj", "{E2AEDDA2-0CBE-4FA8-8C2F-6C03F068C889}"
EndProject
Project("{8BC9CEB8-8B4A-11D0-8D11-00A0C91BC942}") = "LuaInterpreter", "LuaInterpreter.vcproj", "{66ED16C5-93C8-4601-82C4-CCBA5CBCC12C}"
EndProject
Project("{8BC9CEB8-8B4A-11D0-8D11-00A0C91BC942}") = "maths", "Maths.vcproj", "{EA7CABC9-0F28-4889-A30A-07BB7C2E3E7A}"
EndProject
Project("{8BC9CEB8-8B4A-11D0-8D11-00A0C91BC942}") = "NuggetView", "NuggetView.vcproj", "{0BE62821-5269-4D73-B5D1-02E6128C2711}"
EndProject
Project("{8BC9CEB8-8B4A-11D0-8D11-00A0C91BC942}") = "physics", "Physics.vcproj", "{8C5E848D-B91C-49E0-8E9C-E47A67731AC2}"
EndProject
Project("{8BC9CEB8-8B4A-11D0-8D11-00A0C91BC942}") = "prautoexp", "PRAutoExp.vcproj", "{76D773AE-90AE-4574-A99A-1A9C5B54077A}"
EndProject
Project("{8BC9CEB8-8B4A-11D0-8D11-00A0C91BC942}") = "ProfileViewerCL", "ProfileViewerCL.vcproj", "{96491640-5424-4090-AF63-294F4920E126}"
EndProject
Project("{8BC9CEB8-8B4A-11D0-8D11-00A0C91BC942}") = "renderer", "Renderer.vcproj", "{FB9D892B-A47A-4966-A0D6-45F7F259F654}"
EndProject
Project("{8BC9CEB8-8B4A-11D0-8D11-00A0C91BC942}") = "TextFormatter", "TextFormatter.vcproj", "{436E09EF-E935-474B-A3B5-A06D307E1043}"
EndProject
Project("{8BC9CEB8-8B4A-11D0-8D11-00A0C91BC942}") = "WadMaker", "WadMaker.vcproj", "{D4A3C0A0-1093-47FB-893D-5F87C904EE3F}"
EndProject
Project("{8BC9CEB8-8B4A-11D0-8D11-00A0C91BC942}") = "xfile", "XFile.vcproj", "{5624E24D-7E8B-4D68-ABE8-667AEC97E113}"
EndProject
Project("{8BC9CEB8-8B4A-11D0-8D11-00A0C91BC942}") = "XFileConverter", "XFileConverter.vcproj", "{ED51C9F6-8BB2-4C7F-B8CA-303AF4AD70F5}"
EndProject
Project("{8BC9CEB8-8B4A-11D0-8D11-00A0C91BC942}") = "gui_template", "..\gui_template\gui_template.vcproj", "{392B62E7-45CC-4386-A56B-53FD49A8CF10}"
EndProject
Global
	GlobalSection(SolutionConfigurationPlatforms) = preSolution
		Debug|Win32 = Debug|Win32
		Release|Win32 = Release|Win32
	EndGlobalSection
	GlobalSection(ProjectConfigurationPlatforms) = postSolution
		{9CCC3439-309E-4E85-B3B8-CE704D385D48}.Debug|Win32.ActiveCfg = Debug|Win32
		{9CCC3439-309E-4E85-B3B8-CE704D385D48}.Debug|Win32.Build.0 = Debug|Win32
		{9CCC3439-309E-4E85-B3B8-CE704D385D48}.Release|Win32.ActiveCfg = Release|Win32
		{9CCC3439-309E-4E85-B3B8-CE704D385D48}.Release|Win32.Build.0 = Release|Win32
		{E49D4F79-0085-42F4-A381-69E0CA430489}.Debug|Win32.ActiveCfg = Debug|Win32
		{E49D4F79-0085-42F4-A381-69E0CA430489}.Debug|Win32.Build.0 = Debug|Win32
		{E49D4F79-0085-42F4-A381-69E0CA430489}.Release|Win32.ActiveCfg = Release|Win32
		{E49D4F79-0085-42F4-A381-69E0CA430489}.Release|Win32.Build.0 = Release|Win32
		{957F3BFE-E081-4688-854E-2E6597C99007}.Debug|Win32.ActiveCfg = Debug|Win32
		{957F3BFE-E081-4688-854E-2E6597C99007}.Debug|Win32.Build.0 = Debug|Win32
		{957F3BFE-E081-4688-854E-2E6597C99007}.Release|Win32.ActiveCfg = Release|Win32
		{957F3BFE-E081-4688-854E-2E6597C99007}.Release|Win32.Build.0 = Release|Win32
		{363D015B-B545-4623-A5CE-61245C9BF1F8}.Debug|Win32.ActiveCfg = Debug|Win32
		{363D015B-B545-4623-A5CE-61245C9BF1F8}.Debug|Win32.Build.0 = Debug|Win32
		{363D015B-B545-4623-A5CE-61245C9BF1F8}.Release|Win32.ActiveCfg = Release|Win32
		{363D015B-B545-4623-A5CE-61245C9BF1F8}.Release|Win32.Build.0 = Release|Win32
		{CE923D41-9DBB-4F8A-904A-F297B499153D}.Debug|Win32.ActiveCfg = Debug|x86
		{CE923D41-9DBB-4F8A-904A-F297B499153D}.Debug|Win32.Build.0 = Debug|x86
		{CE923D41-9DBB-4F8A-904A-F297B499153D}.Release|Win32.ActiveCfg = Release|x86
		{CE923D41-9DBB-4F8A-904A-F297B499153D}.Release|Win32.Build.0 = Release|x86
		{1735C773-5477-45E6-9CBF-5F2B6DC707EF}.Debug|Win32.ActiveCfg = Debug|x86
		{1735C773-5477-45E6-9CBF-5F2B6DC707EF}.Debug|Win32.Build.0 = Debug|x86
		{1735C773-5477-45E6-9CBF-5F2B6DC707EF}.Release|Win32.ActiveCfg = Release|x86
		{1735C773-5477-45E6-9CBF-5F2B6DC707EF}.Release|Win32.Build.0 = Release|x86
		{07F0B17E-A548-436E-BC8E-594B47685D7B}.Debug|Win32.ActiveCfg = Debug|x86
		{07F0B17E-A548-436E-BC8E-594B47685D7B}.Debug|Win32.Build.0 = Debug|x86
		{07F0B17E-A548-436E-BC8E-594B47685D7B}.Release|Win32.ActiveCfg = Release|x86
		{07F0B17E-A548-436E-BC8E-594B47685D7B}.Release|Win32.Build.0 = Release|x86
		{F857C009-9717-4851-AFA4-5AE56DD8427F}.Debug|Win32.ActiveCfg = Debug|x86
		{F857C009-9717-4851-AFA4-5AE56DD8427F}.Debug|Win32.Build.0 = Debug|x86
		{F857C009-9717-4851-AFA4-5AE56DD8427F}.Release|Win32.ActiveCfg = Release|x86
		{F857C009-9717-4851-AFA4-5AE56DD8427F}.Release|Win32.Build.0 = Release|x86
		{F05EF947-AAFC-4947-9378-930EEAEF5CF0}.Debug|Win32.ActiveCfg = Debug|x86
		{F05EF947-AAFC-4947-9378-930EEAEF5CF0}.Debug|Win32.Build.0 = Debug|x86
		{F05EF947-AAFC-4947-9378-930EEAEF5CF0}.Release|Win32.ActiveCfg = Release|x86
		{F05EF947-AAFC-4947-9378-930EEAEF5CF0}.Release|Win32.Build.0 = Release|x86
		{C54DCD6C-3907-4E55-82E9-9F92CABE8FC7}.Debug|Win32.ActiveCfg = Debug|Win32
		{C54DCD6C-3907-4E55-82E9-9F92CABE8FC7}.Debug|Win32.Build.0 = Debug|Win32
		{C54DCD6C-3907-4E55-82E9-9F92CABE8FC7}.Release|Win32.ActiveCfg = Release|Win32
		{C54DCD6C-3907-4E55-82E9-9F92CABE8FC7}.Release|Win32.Build.0 = Release|Win32
		{D6EC6728-119F-4AF1-898A-DFCD15A1DADB}.Debug|Win32.ActiveCfg = Debug|x86
		{D6EC6728-119F-4AF1-898A-DFCD15A1DADB}.Debug|Win32.Build.0 = Debug|x86
		{D6EC6728-119F-4AF1-898A-DFCD15A1DADB}.Release|Win32.ActiveCfg = Release|x86
		{D6EC6728-119F-4AF1-898A-DFCD15A1DADB}.Release|Win32.Build.0 = Release|x86
		{74EA4C21-4E6E-45F3-AABB-926263237626}.Debug|Win32.ActiveCfg = Debug|Win32
		{74EA4C21-4E6E-45F3-AABB-926263237626}.Debug|Win32.Build.0 = Debug|Win32
		{74EA4C21-4E6E-45F3-AABB-926263237626}.Release|Win32.ActiveCfg = Release|Win32
		{74EA4C21-4E6E-45F3-AABB-926263237626}.Release|Win32.Build.0 = Release|Win32
		{BD331196-B759-2745-92AA-E4FF7D73885C}.Debug|Win32.ActiveCfg = Debug|Win32
		{BD331196-B759-2745-92AA-E4FF7D73885C}.Debug|Win32.Build.0 = Debug|Win32
		{BD331196-B759-2745-92AA-E4FF7D73885C}.Release|Win32.ActiveCfg = Release|Win32
		{BD331196-B759-2745-92AA-E4FF7D73885C}.Release|Win32.Build.0 = Release|Win32
		{857D3F98-CED7-4290-BC33-E2D960C9B60B}.Debug|Win32.ActiveCfg = Debug|Win32
		{857D3F98-CED7-4290-BC33-E2D960C9B60B}.Debug|Win32.Build.0 = Debug|Win32
		{857D3F98-CED7-4290-BC33-E2D960C9B60B}.Release|Win32.ActiveCfg = Release|Win32
		{857D3F98-CED7-4290-BC33-E2D960C9B60B}.Release|Win32.Build.0 = Release|Win32
		{82BF667E-18C4-4B30-A88C-A1F68FF09C6E}.Debug|Win32.ActiveCfg = Debug|Win32
		{82BF667E-18C4-4B30-A88C-A1F68FF09C6E}.Debug|Win32.Build.0 = Debug|Win32
		{82BF667E-18C4-4B30-A88C-A1F68FF09C6E}.Release|Win32.ActiveCfg = Release|Win32
		{82BF667E-18C4-4B30-A88C-A1F68FF09C6E}.Release|Win32.Build.0 = Release|Win32
		{4EB11831-ABE7-4E77-83E4-D2141DA4B5A6}.Debug|Win32.ActiveCfg = Debug|Win32
		{4EB11831-ABE7-4E77-83E4-D2141DA4B5A6}.Debug|Win32.Build.0 = Debug|Win32
		{4EB11831-ABE7-4E77-83E4-D2141DA4B5A6}.Release|Win32.ActiveCfg = Release|Win32
		{4EB11831-ABE7-4E77-83E4-D2141DA4B5A6}.Release|Win32.Build.0 = Release|Win32
		{28CF539E-EE34-43E7-A8BE-51C2A854AF8A}.Debug|Win32.ActiveCfg = Debug|Win32
		{28CF539E-EE34-43E7-A8BE-51C2A854AF8A}.Debug|Win32.Build.0 = Debug|Win32
		{28CF539E-EE34-43E7-A8BE-51C2A854AF8A}.Release|Win32.ActiveCfg = Release|Win32
		{28CF539E-EE34-43E7-A8BE-51C2A854AF8A}.Release|Win32.Build.0 = Release|Win32
		{38D15250-3D19-43C6-9781-68086A249D5D}.Debug|Win32.ActiveCfg = Debug|Win32
		{38D15250-3D19-43C6-9781-68086A249D5D}.Debug|Win32.Build.0 = Debug|Win32
		{38D15250-3D19-43C6-9781-68086A249D5D}.Release|Win32.ActiveCfg = Release|Win32
		{38D15250-3D19-43C6-9781-68086A249D5D}.Release|Win32.Build.0 = Release|Win32
		{B02D8A17-E752-41EF-B417-2A184DC42488}.Debug|Win32.ActiveCfg = Debug|Win32
		{B02D8A17-E752-41EF-B417-2A184DC42488}.Debug|Win32.Build.0 = Debug|Win32
		{B02D8A17-E752-41EF-B417-2A184DC42488}.Release|Win32.ActiveCfg = Release|Win32
		{B02D8A17-E752-41EF-B417-2A184DC42488}.Release|Win32.Build.0 = Release|Win32
		{C5436770-56EB-4DDC-8556-22D9E0F4DBB5}.Debug|Win32.ActiveCfg = Debug|Win32
		{C5436770-56EB-4DDC-8556-22D9E0F4DBB5}.Debug|Win32.Build.0 = Debug|Win32
		{C5436770-56EB-4DDC-8556-22D9E0F4DBB5}.Release|Win32.ActiveCfg = Release|Win32
		{C5436770-56EB-4DDC-8556-22D9E0F4DBB5}.Release|Win32.Build.0 = Release|Win32
		{54E4C819-E31C-4582-B150-77AB88A3D742}.Debug|Win32.ActiveCfg = Debug|Win32
		{54E4C819-E31C-4582-B150-77AB88A3D742}.Debug|Win32.Build.0 = Debug|Win32
		{54E4C819-E31C-4582-B150-77AB88A3D742}.Release|Win32.ActiveCfg = Release|Win32
		{54E4C819-E31C-4582-B150-77AB88A3D742}.Release|Win32.Build.0 = Release|Win32
		{63AFC2E5-E486-4BF5-B053-13CD9E06F3B1}.Debug|Win32.ActiveCfg = Debug|Win32
		{63AFC2E5-E486-4BF5-B053-13CD9E06F3B1}.Debug|Win32.Build.0 = Debug|Win32
		{63AFC2E5-E486-4BF5-B053-13CD9E06F3B1}.Release|Win32.ActiveCfg = Release|Win32
		{63AFC2E5-E486-4BF5-B053-13CD9E06F3B1}.Release|Win32.Build.0 = Release|Win32
		{1D0BE061-315E-45BB-91B4-90F54342BC18}.Debug|Win32.ActiveCfg = Debug|Win32
		{1D0BE061-315E-45BB-91B4-90F54342BC18}.Debug|Win32.Build.0 = Debug|Win32
		{1D0BE061-315E-45BB-91B4-90F54342BC18}.Release|Win32.ActiveCfg = Release|Win32
		{1D0BE061-315E-45BB-91B4-90F54342BC18}.Release|Win32.Build.0 = Release|Win32
		{E2AEDDA2-0CBE-4FA8-8C2F-6C03F068C889}.Debug|Win32.ActiveCfg = Debug|Win32
		{E2AEDDA2-0CBE-4FA8-8C2F-6C03F068C889}.Debug|Win32.Build.0 = Debug|Win32
		{E2AEDDA2-0CBE-4FA8-8C2F-6C03F068C889}.Release|Win32.ActiveCfg = Release|Win32
		{E2AEDDA2-0CBE-4FA8-8C2F-6C03F068C889}.Release|Win32.Build.0 = Release|Win32
		{66ED16C5-93C8-4601-82C4-CCBA5CBCC12C}.Debug|Win32.ActiveCfg = Debug|Win32
		{66ED16C5-93C8-4601-82C4-CCBA5CBCC12C}.Debug|Win32.Build.0 = Debug|Win32
		{66ED16C5-93C8-4601-82C4-CCBA5CBCC12C}.Release|Win32.ActiveCfg = Release|Win32
		{66ED16C5-93C8-4601-82C4-CCBA5CBCC12C}.Release|Win32.Build.0 = Release|Win32
		{EA7CABC9-0F28-4889-A30A-07BB7C2E3E7A}.Debug|Win32.ActiveCfg = Debug|Win32
		{EA7CABC9-0F28-4889-A30A-07BB7C2E3E7A}.Debug|Win32.Build.0 = Debug|Win32
		{EA7CABC9-0F28-4889-A30A-07BB7C2E3E7A}.Release|Win32.ActiveCfg = Release|Win32
		{EA7CABC9-0F28-4889-A30A-07BB7C2E3E7A}.Release|Win32.Build.0 = Release|Win32
		{0BE62821-5269-4D73-B5D1-02E6128C2711}.Debug|Win32.ActiveCfg = Debug|Win32
		{0BE62821-5269-4D73-B5D1-02E6128C2711}.Debug|Win32.Build.0 = Debug|Win32
		{0BE62821-5269-4D73-B5D1-02E6128C2711}.Release|Win32.ActiveCfg = Release|Win32
		{0BE62821-5269-4D73-B5D1-02E6128C2711}.Release|Win32.Build.0 = Release|Win32
		{8C5E848D-B91C-49E0-8E9C-E47A67731AC2}.Debug|Win32.ActiveCfg = Debug|Win32
		{8C5E848D-B91C-49E0-8E9C-E47A67731AC2}.Debug|Win32.Build.0 = Debug|Win32
		{8C5E848D-B91C-49E0-8E9C-E47A67731AC2}.Release|Win32.ActiveCfg = Release|Win32
		{8C5E848D-B91C-49E0-8E9C-E47A67731AC2}.Release|Win32.Build.0 = Release|Win32
		{76D773AE-90AE-4574-A99A-1A9C5B54077A}.Debug|Win32.ActiveCfg = Debug|Win32
		{76D773AE-90AE-4574-A99A-1A9C5B54077A}.Debug|Win32.Build.0 = Debug|Win32
		{76D773AE-90AE-4574-A99A-1A9C5B54077A}.Release|Win32.ActiveCfg = Release|Win32
		{76D773AE-90AE-4574-A99A-1A9C5B54077A}.Release|Win32.Build.0 = Release|Win32
		{96491640-5424-4090-AF63-294F4920E126}.Debug|Win32.ActiveCfg = Debug|Win32
		{96491640-5424-4090-AF63-294F4920E126}.Debug|Win32.Build.0 = Debug|Win32
		{96491640-5424-4090-AF63-294F4920E126}.Release|Win32.ActiveCfg = Release|Win32
		{96491640-5424-4090-AF63-294F4920E126}.Release|Win32.Build.0 = Release|Win32
		{FB9D892B-A47A-4966-A0D6-45F7F259F654}.Debug|Win32.ActiveCfg = Debug|Win32
		{FB9D892B-A47A-4966-A0D6-45F7F259F654}.Debug|Win32.Build.0 = Debug|Win32
		{FB9D892B-A47A-4966-A0D6-45F7F259F654}.Release|Win32.ActiveCfg = Release|Win32
		{FB9D892B-A47A-4966-A0D6-45F7F259F654}.Release|Win32.Build.0 = Release|Win32
		{436E09EF-E935-474B-A3B5-A06D307E1043}.Debug|Win32.ActiveCfg = Debug|Win32
		{436E09EF-E935-474B-A3B5-A06D307E1043}.Debug|Win32.Build.0 = Debug|Win32
		{436E09EF-E935-474B-A3B5-A06D307E1043}.Release|Win32.ActiveCfg = Release|Win32
		{436E09EF-E935-474B-A3B5-A06D307E1043}.Release|Win32.Build.0 = Release|Win32
		{D4A3C0A0-1093-47FB-893D-5F87C904EE3F}.Debug|Win32.ActiveCfg = Debug|Win32
		{D4A3C0A0-1093-47FB-893D-5F87C904EE3F}.Debug|Win32.Build.0 = Debug|Win32
		{D4A3C0A0-1093-47FB-893D-5F87C904EE3F}.Release|Win32.ActiveCfg = Release|Win32
		{D4A3C0A0-1093-47FB-893D-5F87C904EE3F}.Release|Win32.Build.0 = Release|Win32
		{5624E24D-7E8B-4D68-ABE8-667AEC97E113}.Debug|Win32.ActiveCfg = Debug|Win32
		{5624E24D-7E8B-4D68-ABE8-667AEC97E113}.Debug|Win32.Build.0 = Debug|Win32
		{5624E24D-7E8B-4D68-ABE8-667AEC97E113}.Release|Win32.ActiveCfg = Release|Win32
		{5624E24D-7E8B-4D68-ABE8-667AEC97E113}.Release|Win32.Build.0 = Release|Win32
		{ED51C9F6-8BB2-4C7F-B8CA-303AF4AD70F5}.Debug|Win32.ActiveCfg = Debug|Win32
		{ED51C9F6-8BB2-4C7F-B8CA-303AF4AD70F5}.Debug|Win32.Build.0 = Debug|Win32
		{ED51C9F6-8BB2-4C7F-B8CA-303AF4AD70F5}.Release|Win32.ActiveCfg = Release|Win32
		{ED51C9F6-8BB2-4C7F-B8CA-303AF4AD70F5}.Release|Win32.Build.0 = Release|Win32
		{392B62E7-45CC-4386-A56B-53FD49A8CF10}.Debug|Win32.ActiveCfg = Debug|Win32
		{392B62E7-45CC-4386-A56B-53FD49A8CF10}.Debug|Win32.Build.0 = Debug|Win32
		{392B62E7-45CC-4386-A56B-53FD49A8CF10}.Release|Win32.ActiveCfg = Release|Win32
		{392B62E7-45CC-4386-A56B-53FD49A8CF10}.Release|Win32.Build.0 = Release|Win32
	EndGlobalSection
	GlobalSection(SolutionProperties) = preSolution
		HideSolutionNode = FALSE
	EndGlobalSection
	GlobalSection(DPCodeReviewSolutionGUID) = preSolution
		DPCodeReviewSolutionGUID = {00000000-0000-0000-0000-000000000000}
	EndGlobalSection
	GlobalSection(DevPartner) = postSolution
	EndGlobalSection
	GlobalSection(DevPartner) = postSolution
	EndGlobalSection
	GlobalSection(DevPartner) = postSolution
	EndGlobalSection
	GlobalSection(DevPartner) = postSolution
	EndGlobalSection
	GlobalSection(DevPartner) = postSolution
	EndGlobalSection
	GlobalSection(DevPartner) = postSolution
	EndGlobalSection
	GlobalSection(DevPartner) = postSolution
	EndGlobalSection
	GlobalSection(DevPartner) = postSolution
	EndGlobalSection
	GlobalSection(DevPartner) = postSolution
	EndGlobalSection
	GlobalSection(DevPartner) = postSolution
	EndGlobalSection
	GlobalSection(DevPartner) = postSolution
	EndGlobalSection
	GlobalSection(DevPartner) = postSolution
	EndGlobalSection
EndGlobal
