Microsoft Visual Studio Solution File, Format Version 9.00
# Visual Studio 2005
Project("{8BC9CEB8-8B4A-11D0-8D11-00A0C91BC942}") = "Physics", "Physics.vcproj", "{8C5E848D-B91C-49E0-8E9C-E47A67731AC2}"
EndProject
Project("{8BC9CEB8-8B4A-11D0-8D11-00A0C91BC942}") = "Test", "Test.vcproj", "{4EB11831-ABE7-4E77-83E4-D2141DA4B5A6}"
	ProjectSection(ProjectDependencies) = postProject
		{8C5E848D-B91C-49E0-8E9C-E47A67731AC2} = {8C5E848D-B91C-49E0-8E9C-E47A67731AC2}
	EndProjectSection
EndProject
Global
	GlobalSection(SolutionConfigurationPlatforms) = preSolution
		Debug|Win32 = Debug|Win32
		Release|Win32 = Release|Win32
	EndGlobalSection
	GlobalSection(ProjectConfigurationPlatforms) = postSolution
		{8C5E848D-B91C-49E0-8E9C-E47A67731AC2}.Debug|Win32.ActiveCfg = Debug|Win32
		{8C5E848D-B91C-49E0-8E9C-E47A67731AC2}.Debug|Win32.Build.0 = Debug|Win32
		{8C5E848D-B91C-49E0-8E9C-E47A67731AC2}.Release|Win32.ActiveCfg = Release|Win32
		{8C5E848D-B91C-49E0-8E9C-E47A67731AC2}.Release|Win32.Build.0 = Release|Win32
		{4EB11831-ABE7-4E77-83E4-D2141DA4B5A6}.Debug|Win32.ActiveCfg = Debug|Win32
		{4EB11831-ABE7-4E77-83E4-D2141DA4B5A6}.Debug|Win32.Build.0 = Debug|Win32
		{4EB11831-ABE7-4E77-83E4-D2141DA4B5A6}.Release|Win32.ActiveCfg = Release|Win32
		{4EB11831-ABE7-4E77-83E4-D2141DA4B5A6}.Release|Win32.Build.0 = Release|Win32
	EndGlobalSection
	GlobalSection(SolutionProperties) = preSolution
		HideSolutionNode = FALSE
	EndGlobalSection
EndGlobal
