
Microsoft Visual Studio Solution File, Format Version 12.00
# Visual Studio 15
VisualStudioVersion = 15.0.27428.1
MinimumVisualStudioVersion = 10.0.40219.1
Project("{FAE04EC0-301F-11D3-BF4B-00C04F79EFBC}") = "RyLogViewer", "RyLogViewer.csproj", "{6446F4F8-F2D3-4FA2-9CED-43F917B0B233}"
	ProjectSection(ProjectDependencies) = postProject
		{7F52A774-6015-43DA-AD5B-A3289EDD6690} = {7F52A774-6015-43DA-AD5B-A3289EDD6690}
		{C054B079-AC66-4C7E-A201-D57E32FB4F89} = {C054B079-AC66-4C7E-A201-D57E32FB4F89}
	EndProjectSection
EndProject
Project("{FAE04EC0-301F-11D3-BF4B-00C04F79EFBC}") = "RyLogViewer.Extensions", "RyLogViewer.Extensions.csproj", "{8AA5340A-5C36-4C9D-A6A4-B035AABD3547}"
EndProject
Project("{FAE04EC0-301F-11D3-BF4B-00C04F79EFBC}") = "Csex", "..\Csex\Csex.csproj", "{7F52A774-6015-43DA-AD5B-A3289EDD6690}"
EndProject
Project("{FAE04EC0-301F-11D3-BF4B-00C04F79EFBC}") = "RyLogViewer.ExamplePlugin", "examples\ExamplePlugin\RyLogViewer.ExamplePlugin.csproj", "{C054B079-AC66-4C7E-A201-D57E32FB4F89}"
EndProject
Project("{9A19103F-16F7-4668-BE54-9A1E7A4F7556}") = "Rylogic.Core", "..\Rylogic.Core\Rylogic.Core.csproj", "{B604D061-7BB2-4E89-9385-2994FAECA3DF}"
EndProject
Project("{9A19103F-16F7-4668-BE54-9A1E7A4F7556}") = "Rylogic.Main", "..\Rylogic.Main\Rylogic.Main.csproj", "{1FFC80ED-8CA3-48CF-BE21-98DAAD8939D6}"
EndProject
Global
	GlobalSection(SolutionConfigurationPlatforms) = preSolution
		Debug|Any CPU = Debug|Any CPU
		Release|Any CPU = Release|Any CPU
	EndGlobalSection
	GlobalSection(ProjectConfigurationPlatforms) = postSolution
		{6446F4F8-F2D3-4FA2-9CED-43F917B0B233}.Debug|Any CPU.ActiveCfg = Debug|Any CPU
		{6446F4F8-F2D3-4FA2-9CED-43F917B0B233}.Debug|Any CPU.Build.0 = Debug|Any CPU
		{6446F4F8-F2D3-4FA2-9CED-43F917B0B233}.Release|Any CPU.ActiveCfg = Release|Any CPU
		{6446F4F8-F2D3-4FA2-9CED-43F917B0B233}.Release|Any CPU.Build.0 = Release|Any CPU
		{8AA5340A-5C36-4C9D-A6A4-B035AABD3547}.Debug|Any CPU.ActiveCfg = Debug|Any CPU
		{8AA5340A-5C36-4C9D-A6A4-B035AABD3547}.Debug|Any CPU.Build.0 = Debug|Any CPU
		{8AA5340A-5C36-4C9D-A6A4-B035AABD3547}.Release|Any CPU.ActiveCfg = Release|Any CPU
		{8AA5340A-5C36-4C9D-A6A4-B035AABD3547}.Release|Any CPU.Build.0 = Release|Any CPU
		{7F52A774-6015-43DA-AD5B-A3289EDD6690}.Debug|Any CPU.ActiveCfg = Debug|Any CPU
		{7F52A774-6015-43DA-AD5B-A3289EDD6690}.Debug|Any CPU.Build.0 = Debug|Any CPU
		{7F52A774-6015-43DA-AD5B-A3289EDD6690}.Release|Any CPU.ActiveCfg = Release|Any CPU
		{7F52A774-6015-43DA-AD5B-A3289EDD6690}.Release|Any CPU.Build.0 = Release|Any CPU
		{C054B079-AC66-4C7E-A201-D57E32FB4F89}.Debug|Any CPU.ActiveCfg = Debug|Any CPU
		{C054B079-AC66-4C7E-A201-D57E32FB4F89}.Debug|Any CPU.Build.0 = Debug|Any CPU
		{C054B079-AC66-4C7E-A201-D57E32FB4F89}.Release|Any CPU.ActiveCfg = Release|Any CPU
		{C054B079-AC66-4C7E-A201-D57E32FB4F89}.Release|Any CPU.Build.0 = Release|Any CPU
		{B604D061-7BB2-4E89-9385-2994FAECA3DF}.Debug|Any CPU.ActiveCfg = Debug|Any CPU
		{B604D061-7BB2-4E89-9385-2994FAECA3DF}.Debug|Any CPU.Build.0 = Debug|Any CPU
		{B604D061-7BB2-4E89-9385-2994FAECA3DF}.Release|Any CPU.ActiveCfg = Release|Any CPU
		{B604D061-7BB2-4E89-9385-2994FAECA3DF}.Release|Any CPU.Build.0 = Release|Any CPU
		{1FFC80ED-8CA3-48CF-BE21-98DAAD8939D6}.Debug|Any CPU.ActiveCfg = Debug|Any CPU
		{1FFC80ED-8CA3-48CF-BE21-98DAAD8939D6}.Debug|Any CPU.Build.0 = Debug|Any CPU
		{1FFC80ED-8CA3-48CF-BE21-98DAAD8939D6}.Release|Any CPU.ActiveCfg = Release|Any CPU
		{1FFC80ED-8CA3-48CF-BE21-98DAAD8939D6}.Release|Any CPU.Build.0 = Release|Any CPU
	EndGlobalSection
	GlobalSection(SolutionProperties) = preSolution
		HideSolutionNode = FALSE
	EndGlobalSection
	GlobalSection(ExtensibilityGlobals) = postSolution
		SolutionGuid = {C4525521-0707-49A2-8015-50338E0A66A4}
	EndGlobalSection
EndGlobal
