
Microsoft Visual Studio Solution File, Format Version 11.00
# Visual Studio 2010
Project("{FAE04EC0-301F-11D3-BF4B-00C04F79EFBC}") = "Tradee_StreamData", "Tradee_StreamData\Tradee_StreamData.csproj", "{CEE7F70F-445C-42A7-9E4A-AC506B67D3FD}"
EndProject
Global
	GlobalSection(SolutionConfigurationPlatforms) = preSolution
		Debug|Any CPU = Debug|Any CPU
		Release|Any CPU = Release|Any CPU
	EndGlobalSection
	GlobalSection(ProjectConfigurationPlatforms) = postSolution
		{CEE7F70F-445C-42A7-9E4A-AC506B67D3FD}.Debug|Any CPU.ActiveCfg = Debug|Any CPU
		{CEE7F70F-445C-42A7-9E4A-AC506B67D3FD}.Debug|Any CPU.Build.0 = Debug|Any CPU
		{CEE7F70F-445C-42A7-9E4A-AC506B67D3FD}.Release|Any CPU.ActiveCfg = Release|Any CPU
		{CEE7F70F-445C-42A7-9E4A-AC506B67D3FD}.Release|Any CPU.Build.0 = Release|Any CPU
	EndGlobalSection
	GlobalSection(SolutionProperties) = preSolution
		HideSolutionNode = FALSE
	EndGlobalSection
EndGlobal
