<?xml version="1.0" encoding="utf-8"?>
<Project ToolsVersion="4.0" xmlns="http://schemas.microsoft.com/developer/msbuild/2003">
  <ItemGroup>
    <Filter Include="src">
      <UniqueIdentifier>{4FC737F1-C7A5-4376-A066-2A32D752A2FF}</UniqueIdentifier>
      <Extensions>cpp;c;cc;cxx;def;odl;idl;hpj;bat;asm;asmx</Extensions>
    </Filter>
    <Filter Include="ui">
      <UniqueIdentifier>{80df82f9-5abb-42ba-9867-8acec82961fd}</UniqueIdentifier>
    </Filter>
    <Filter Include="pr">
      <UniqueIdentifier>{98f9b0f4-017e-40e4-829c-e8e7deffee96}</UniqueIdentifier>
    </Filter>
    <Filter Include="pr\macros">
      <UniqueIdentifier>{58ed8f1c-5ca2-4784-a12d-63e584585861}</UniqueIdentifier>
    </Filter>
    <Filter Include="pr\common">
      <UniqueIdentifier>{8dc16bfb-e835-4560-a13e-642272749bfc}</UniqueIdentifier>
    </Filter>
    <Filter Include="pr\storage">
      <UniqueIdentifier>{7b0f1b1d-3ac0-45af-bb7a-7ba92372e7c1}</UniqueIdentifier>
    </Filter>
    <Filter Include="pr\str">
      <UniqueIdentifier>{b3a8b120-eb19-412c-918b-7877dd047b09}</UniqueIdentifier>
    </Filter>
    <Filter Include="sqlite">
      <UniqueIdentifier>{32149f03-f313-4523-ae2a-0c94a520eb42}</UniqueIdentifier>
    </Filter>
  </ItemGroup>
  <ItemGroup>
    <ClInclude Include="src\bond.h">
      <Filter>src</Filter>
    </ClInclude>
    <ClInclude Include="src\console_ui.h">
      <Filter>src</Filter>
    </ClInclude>
    <ClInclude Include="src\element.h">
      <Filter>src</Filter>
    </ClInclude>
    <ClInclude Include="src\forward.h">
      <Filter>src</Filter>
    </ClInclude>
    <ClInclude Include="src\game_constants.h">
      <Filter>src</Filter>
    </ClInclude>
    <ClInclude Include="src\game_events.h">
      <Filter>src</Filter>
    </ClInclude>
    <ClInclude Include="src\game_instance.h">
      <Filter>src</Filter>
    </ClInclude>
    <ClInclude Include="src\view_base.h">
      <Filter>src</Filter>
    </ClInclude>
    <ClInclude Include="src\view_home.h">
      <Filter>src</Filter>
    </ClInclude>
    <ClInclude Include="src\view_intro.h">
      <Filter>src</Filter>
    </ClInclude>
    <ClInclude Include="src\view_lab.h">
      <Filter>src</Filter>
    </ClInclude>
    <ClInclude Include="src\view_prompt_box.h">
      <Filter>src</Filter>
    </ClInclude>
    <ClInclude Include="src\view_ship.h">
      <Filter>src</Filter>
    </ClInclude>
    <ClInclude Include="src\world_state.h">
      <Filter>src</Filter>
    </ClInclude>
    <ClInclude Include="src\stockpile.h">
      <Filter>src</Filter>
    </ClInclude>
    <ClInclude Include="src\ship.h">
      <Filter>src</Filter>
    </ClInclude>
    <ClInclude Include="src\research_effort.h">
      <Filter>src</Filter>
    </ClInclude>
    <ClInclude Include="src\reaction.h">
      <Filter>src</Filter>
    </ClInclude>
    <ClInclude Include="src\lab.h">
      <Filter>src</Filter>
    </ClInclude>
    <ClInclude Include="src\material.h">
      <Filter>src</Filter>
    </ClInclude>
    <ClInclude Include="$(RylogicRoot)include\pr\common\console.h">
      <Filter>pr\common</Filter>
    </ClInclude>
    <ClInclude Include="$(RylogicRoot)include\pr\common\datetime.h">
      <Filter>pr\common</Filter>
    </ClInclude>
    <ClInclude Include="$(RylogicRoot)include\pr\common\event.h">
      <Filter>pr\common</Filter>
    </ClInclude>
    <ClInclude Include="$(RylogicRoot)include\pr\common\events.h">
      <Filter>pr\common</Filter>
    </ClInclude>
    <ClInclude Include="$(RylogicRoot)include\pr\common\fmt.h">
      <Filter>pr\common</Filter>
    </ClInclude>
    <ClInclude Include="$(RylogicRoot)include\pr\macros\no_copy.h">
      <Filter>pr\macros</Filter>
    </ClInclude>
    <ClInclude Include="$(RylogicRoot)include\pr\common\si_units.h">
      <Filter>pr\common</Filter>
    </ClInclude>
    <ClInclude Include="$(RylogicRoot)include\pr\storage\sqlite.h">
      <Filter>pr\storage</Filter>
    </ClInclude>
    <ClInclude Include="src\stdafx.h">
      <Filter>src</Filter>
    </ClInclude>
    <ClInclude Include="$(RylogicRoot)include\pr\str\tostring.h">
      <Filter>pr\str</Filter>
    </ClInclude>
    <ClInclude Include="$(RylogicRoot)sdk\sqlite3\include\sqlite3.h">
      <Filter>sqlite</Filter>
    </ClInclude>
  </ItemGroup>
  <ItemGroup>
    <ClCompile Include="src\console_ui.cpp">
      <Filter>src</Filter>
    </ClCompile>
    <ClCompile Include="src\element.cpp">
      <Filter>src</Filter>
    </ClCompile>
    <ClCompile Include="src\game_instance.cpp">
      <Filter>src</Filter>
    </ClCompile>
    <ClCompile Include="src\lab.cpp">
      <Filter>src</Filter>
    </ClCompile>
    <ClCompile Include="src\main.cpp">
      <Filter>src</Filter>
    </ClCompile>
    <ClCompile Include="src\game_constants.cpp">
      <Filter>src</Filter>
    </ClCompile>
    <ClCompile Include="src\material.cpp">
      <Filter>src</Filter>
    </ClCompile>
    <ClCompile Include="src\reaction.cpp">
      <Filter>src</Filter>
    </ClCompile>
    <ClCompile Include="src\research_effort.cpp">
      <Filter>src</Filter>
    </ClCompile>
    <ClCompile Include="src\ship.cpp">
      <Filter>src</Filter>
    </ClCompile>
    <ClCompile Include="src\stdafx.cpp">
      <Filter>src</Filter>
    </ClCompile>
    <ClCompile Include="src\stockpile.cpp">
      <Filter>src</Filter>
    </ClCompile>
    <ClCompile Include="src\view_base.cpp">
      <Filter>src</Filter>
    </ClCompile>
    <ClCompile Include="src\view_home.cpp">
      <Filter>src</Filter>
    </ClCompile>
    <ClCompile Include="src\view_intro.cpp">
      <Filter>src</Filter>
    </ClCompile>
    <ClCompile Include="src\view_lab.cpp">
      <Filter>src</Filter>
    </ClCompile>
    <ClCompile Include="src\view_ship.cpp">
      <Filter>src</Filter>
    </ClCompile>
    <ClCompile Include="src\world_state.cpp">
      <Filter>src</Filter>
    </ClCompile>
    <ClCompile Include="$(RylogicRoot)sdk\sqlite3\src\sqlite3.c">
      <Filter>sqlite</Filter>
    </ClCompile>
  </ItemGroup>
  <ItemGroup>
    <Text Include="src\design.txt" />
  </ItemGroup>
</Project>