<?xml version="1.0" encoding="utf-8"?>
<Project ToolsVersion="4.0" xmlns="http://schemas.microsoft.com/developer/msbuild/2003">
  <ItemGroup>
    <Filter Include="sdk">
      <UniqueIdentifier>{2e13382c-2c9f-488d-8851-229d4321e08b}</UniqueIdentifier>
    </Filter>
    <Filter Include="sdk\lua">
      <UniqueIdentifier>{289d033a-d7cd-42ce-8422-6ed91b5659b7}</UniqueIdentifier>
    </Filter>
    <Filter Include="sdk\script">
      <UniqueIdentifier>{f6a00def-486d-441f-a6c6-4d47ca0a53d5}</UniqueIdentifier>
    </Filter>
    <Filter Include="sdk\linedrawer">
      <UniqueIdentifier>{1b49296e-e138-4c8a-8ebc-02bfe9d7d4e6}</UniqueIdentifier>
    </Filter>
    <Filter Include="sdk\lighting">
      <UniqueIdentifier>{242341bf-7d1d-4ea8-b833-86a984170102}</UniqueIdentifier>
    </Filter>
    <Filter Include="sdk\camera">
      <UniqueIdentifier>{6ab12c5d-3166-4900-9228-2fc545650411}</UniqueIdentifier>
    </Filter>
  </ItemGroup>
  <ItemGroup>
    <ClInclude Include="..\..\sdk\pr\pr\renderer\lighting\lighting_dlg.h">
      <Filter>sdk\lighting</Filter>
    </ClInclude>
    <ClInclude Include="..\..\sdk\pr\pr\linedrawer\ldr_object.h">
      <Filter>sdk\linedrawer</Filter>
    </ClInclude>
    <ClInclude Include="..\..\sdk\pr\pr\linedrawer\ldr_tools.h">
      <Filter>sdk\linedrawer</Filter>
    </ClInclude>
    <ClInclude Include="..\..\sdk\pr\pr\lua\lua.h">
      <Filter>sdk\lua</Filter>
    </ClInclude>
    <ClInclude Include="..\View3D\stdafx.h" />
    <ClInclude Include="..\..\sdk\pr\pr\view3d\view3d.h" />
    <ClInclude Include="..\..\sdk\pr\pr\linedrawer\ldr_objects_dlg.h">
      <Filter>sdk\linedrawer</Filter>
    </ClInclude>
    <ClInclude Include="..\..\sdk\pr\pr\linedrawer\ldr_helper.h">
      <Filter>sdk\linedrawer</Filter>
    </ClInclude>
    <ClInclude Include="..\..\sdk\pr\pr\script\char_stream.h">
      <Filter>sdk\script</Filter>
    </ClInclude>
    <ClInclude Include="..\..\sdk\pr\pr\script\comment_strip.h">
      <Filter>sdk\script</Filter>
    </ClInclude>
    <ClInclude Include="..\..\sdk\pr\pr\script\embedded_code.h">
      <Filter>sdk\script</Filter>
    </ClInclude>
    <ClInclude Include="..\..\sdk\pr\pr\script\embedded_lua.h">
      <Filter>sdk\script</Filter>
    </ClInclude>
    <ClInclude Include="..\..\sdk\pr\pr\script\keywords.h">
      <Filter>sdk\script</Filter>
    </ClInclude>
    <ClInclude Include="..\..\sdk\pr\pr\script\pp_includes.h">
      <Filter>sdk\script</Filter>
    </ClInclude>
    <ClInclude Include="..\..\sdk\pr\pr\script\pp_macro.h">
      <Filter>sdk\script</Filter>
    </ClInclude>
    <ClInclude Include="..\..\sdk\pr\pr\script\pp_macro_db.h">
      <Filter>sdk\script</Filter>
    </ClInclude>
    <ClInclude Include="..\..\sdk\pr\pr\script\preprocessor.h">
      <Filter>sdk\script</Filter>
    </ClInclude>
    <ClInclude Include="..\..\sdk\pr\pr\script\reader.h">
      <Filter>sdk\script</Filter>
    </ClInclude>
    <ClInclude Include="..\..\sdk\pr\pr\script\script.h">
      <Filter>sdk\script</Filter>
    </ClInclude>
    <ClInclude Include="..\..\sdk\pr\pr\script\script_core.h">
      <Filter>sdk\script</Filter>
    </ClInclude>
    <ClInclude Include="..\..\sdk\pr\pr\script\script_forward.h">
      <Filter>sdk\script</Filter>
    </ClInclude>
    <ClInclude Include="..\..\sdk\pr\pr\script\stream_stack.h">
      <Filter>sdk\script</Filter>
    </ClInclude>
    <ClInclude Include="..\..\sdk\pr\pr\script\token.h">
      <Filter>sdk\script</Filter>
    </ClInclude>
    <ClInclude Include="..\..\sdk\pr\pr\script\tokeniser.h">
      <Filter>sdk\script</Filter>
    </ClInclude>
    <ClInclude Include="..\..\sdk\pr\pr\camera\camera.h">
      <Filter>sdk\camera</Filter>
    </ClInclude>
    <ClInclude Include="..\view3d\forward.h" />
    <ClInclude Include="..\..\sdk\pr\pr\view3d\prmaths.h" />
    <ClInclude Include="..\view3d\window.h" />
    <ClInclude Include="..\view3d\context.h" />
  </ItemGroup>
  <ItemGroup>
    <ClCompile Include="..\..\sdk\pr\pr\linedrawer\ldr_object.cpp">
      <Filter>sdk\linedrawer</Filter>
    </ClCompile>
    <ClCompile Include="..\..\sdk\pr\pr\linedrawer\ldr_tools.cpp">
      <Filter>sdk\linedrawer</Filter>
    </ClCompile>
    <ClCompile Include="..\..\sdk\pr\pr\lua\lua_core.c">
      <Filter>sdk\lua</Filter>
    </ClCompile>
    <ClCompile Include="..\..\sdk\pr\pr\lua\lua_lib.c">
      <Filter>sdk\lua</Filter>
    </ClCompile>
    <ClCompile Include="..\view3d\stdafx.cpp" />
    <ClCompile Include="..\View3D\view3d.cpp" />
    <ClCompile Include="..\..\sdk\pr\pr\linedrawer\ldr_objects_dlg.cpp">
      <Filter>sdk\linedrawer</Filter>
    </ClCompile>
  </ItemGroup>
</Project>